// !$*UTF8*$!
{
	archiveVersion = 1;
	classes = {
	};
	objectVersion = 46;
	objects = {

/* Begin PBXBuildFile section */
		A83C9BED182C07A200D8F644 /* QuartzCore.framework in Frameworks */ = {isa = PBXBuildFile; fileRef = A83C9BEC182C07A200D8F644 /* QuartzCore.framework */; };
		A84C4690183132E2004A71B0 /* UPEvaluateProcessViewController.m in Sources */ = {isa = PBXBuildFile; fileRef = A84C468F183132E2004A71B0 /* UPEvaluateProcessViewController.m */; };
		A84C469618313A36004A71B0 /* UPEvaluatePageControl.m in Sources */ = {isa = PBXBuildFile; fileRef = A84C469518313A36004A71B0 /* UPEvaluatePageControl.m */; };
		A868318F18281BE0005D4375 /* Localizable.strings in Resources */ = {isa = PBXBuildFile; fileRef = A868319118281BE0005D4375 /* Localizable.strings */; };
		A87B097A182F63380064A8E9 /* UPCommonHelper.m in Sources */ = {isa = PBXBuildFile; fileRef = A87B0937182F63380064A8E9 /* UPCommonHelper.m */; };
		A87B097B182F63380064A8E9 /* UPCommonInitMethod.m in Sources */ = {isa = PBXBuildFile; fileRef = A87B0939182F63380064A8E9 /* UPCommonInitMethod.m */; };
		A87B097C182F63380064A8E9 /* UPNetworkHelper.m in Sources */ = {isa = PBXBuildFile; fileRef = A87B093B182F63380064A8E9 /* UPNetworkHelper.m */; };
		A87B097D182F63380064A8E9 /* UPSearchBar.m in Sources */ = {isa = PBXBuildFile; fileRef = A87B093E182F63380064A8E9 /* UPSearchBar.m */; };
		A87B097E182F63380064A8E9 /* UPTextField.m in Sources */ = {isa = PBXBuildFile; fileRef = A87B0940182F63380064A8E9 /* UPTextField.m */; };
		A87B097F182F63380064A8E9 /* UPFirstPageLoginOrEnrollViewController.m in Sources */ = {isa = PBXBuildFile; fileRef = A87B0943182F63380064A8E9 /* UPFirstPageLoginOrEnrollViewController.m */; };
		A87B0980182F63380064A8E9 /* UPLoginOrEnrollViewControllerBase.m in Sources */ = {isa = PBXBuildFile; fileRef = A87B0945182F63380064A8E9 /* UPLoginOrEnrollViewControllerBase.m */; };
		A87B0981182F63380064A8E9 /* UPOptionalUsernameViewController.m in Sources */ = {isa = PBXBuildFile; fileRef = A87B0947182F63380064A8E9 /* UPOptionalUsernameViewController.m */; };
		A87B0982182F63380064A8E9 /* UPSecondPageLoginOrEnrollViewController.m in Sources */ = {isa = PBXBuildFile; fileRef = A87B0949182F63380064A8E9 /* UPSecondPageLoginOrEnrollViewController.m */; };
		A87B0983182F63380064A8E9 /* main.m in Sources */ = {isa = PBXBuildFile; fileRef = A87B094B182F63380064A8E9 /* main.m */; };
		A87B0984182F63380064A8E9 /* UPAppDelegate.m in Sources */ = {isa = PBXBuildFile; fileRef = A87B094D182F63380064A8E9 /* UPAppDelegate.m */; };
		A87B0985182F63380064A8E9 /* UPIndexScrollViewController.m in Sources */ = {isa = PBXBuildFile; fileRef = A87B094F182F63380064A8E9 /* UPIndexScrollViewController.m */; };
		A87B0986182F63380064A8E9 /* UPJobDetailView.m in Sources */ = {isa = PBXBuildFile; fileRef = A87B0952182F63380064A8E9 /* UPJobDetailView.m */; };
		A87B0987182F63380064A8E9 /* UPMoreSearchViewController.m in Sources */ = {isa = PBXBuildFile; fileRef = A87B0954182F63380064A8E9 /* UPMoreSearchViewController.m */; };
		A87B0988182F63380064A8E9 /* UPSearchViewController.m in Sources */ = {isa = PBXBuildFile; fileRef = A87B0956182F63380064A8E9 /* UPSearchViewController.m */; };
		A87B0989182F63380064A8E9 /* AFHTTPRequestOperation.m in Sources */ = {isa = PBXBuildFile; fileRef = A87B095A182F63380064A8E9 /* AFHTTPRequestOperation.m */; settings = {COMPILER_FLAGS = "-fobjc-arc"; }; };
		A87B098A182F63380064A8E9 /* AFHTTPRequestOperationManager.m in Sources */ = {isa = PBXBuildFile; fileRef = A87B095C182F63380064A8E9 /* AFHTTPRequestOperationManager.m */; settings = {COMPILER_FLAGS = "-fobjc-arc"; }; };
		A87B098B182F63380064A8E9 /* AFHTTPSessionManager.m in Sources */ = {isa = PBXBuildFile; fileRef = A87B095E182F63380064A8E9 /* AFHTTPSessionManager.m */; settings = {COMPILER_FLAGS = "-fobjc-arc"; }; };
		A87B098C182F63380064A8E9 /* AFNetworkReachabilityManager.m in Sources */ = {isa = PBXBuildFile; fileRef = A87B0961182F63380064A8E9 /* AFNetworkReachabilityManager.m */; settings = {COMPILER_FLAGS = "-fobjc-arc"; }; };
		A87B098D182F63380064A8E9 /* AFSecurityPolicy.m in Sources */ = {isa = PBXBuildFile; fileRef = A87B0963182F63380064A8E9 /* AFSecurityPolicy.m */; settings = {COMPILER_FLAGS = "-fobjc-arc"; }; };
		A87B098E182F63380064A8E9 /* AFURLConnectionOperation.m in Sources */ = {isa = PBXBuildFile; fileRef = A87B0965182F63380064A8E9 /* AFURLConnectionOperation.m */; settings = {COMPILER_FLAGS = "-fobjc-arc"; }; };
		A87B098F182F63380064A8E9 /* AFURLRequestSerialization.m in Sources */ = {isa = PBXBuildFile; fileRef = A87B0967182F63380064A8E9 /* AFURLRequestSerialization.m */; settings = {COMPILER_FLAGS = "-fobjc-arc"; }; };
		A87B0990182F63380064A8E9 /* AFURLResponseSerialization.m in Sources */ = {isa = PBXBuildFile; fileRef = A87B0969182F63380064A8E9 /* AFURLResponseSerialization.m */; settings = {COMPILER_FLAGS = "-fobjc-arc"; }; };
		A87B0991182F63380064A8E9 /* AFURLSessionManager.m in Sources */ = {isa = PBXBuildFile; fileRef = A87B096B182F63380064A8E9 /* AFURLSessionManager.m */; settings = {COMPILER_FLAGS = "-fobjc-arc"; }; };
		A87B0992182F63380064A8E9 /* FMDatabase+InMemoryOnDiskIO.m in Sources */ = {isa = PBXBuildFile; fileRef = A87B096E182F63380064A8E9 /* FMDatabase+InMemoryOnDiskIO.m */; };
		A87B0993182F63380064A8E9 /* FMDatabase.m in Sources */ = {isa = PBXBuildFile; fileRef = A87B0970182F63380064A8E9 /* FMDatabase.m */; };
		A87B0994182F63380064A8E9 /* FMDatabaseAdditions.m in Sources */ = {isa = PBXBuildFile; fileRef = A87B0972182F63380064A8E9 /* FMDatabaseAdditions.m */; };
		A87B0995182F63380064A8E9 /* FMDatabasePool.m in Sources */ = {isa = PBXBuildFile; fileRef = A87B0974182F63380064A8E9 /* FMDatabasePool.m */; };
		A87B0996182F63380064A8E9 /* FMDatabaseQueue.m in Sources */ = {isa = PBXBuildFile; fileRef = A87B0976182F63380064A8E9 /* FMDatabaseQueue.m */; };
		A87B0998182F63380064A8E9 /* FMResultSet.m in Sources */ = {isa = PBXBuildFile; fileRef = A87B0979182F63380064A8E9 /* FMResultSet.m */; };
		A87B099B182F65210064A8E9 /* UPEvaluateViewController.m in Sources */ = {isa = PBXBuildFile; fileRef = A87B099A182F65210064A8E9 /* UPEvaluateViewController.m */; };
		A87B099E182F98350064A8E9 /* UPEvaluatePageView.m in Sources */ = {isa = PBXBuildFile; fileRef = A87B099D182F98350064A8E9 /* UPEvaluatePageView.m */; };
		A87B09A1182FA9850064A8E9 /* UPQuestionSectionButton.m in Sources */ = {isa = PBXBuildFile; fileRef = A87B09A0182FA9850064A8E9 /* UPQuestionSectionButton.m */; };
		A8906E261821938C00F0D3B8 /* libsqlite3.dylib in Frameworks */ = {isa = PBXBuildFile; fileRef = A8906E251821938C00F0D3B8 /* libsqlite3.dylib */; };
		A8D113AE181EBE31001385FE /* Foundation.framework in Frameworks */ = {isa = PBXBuildFile; fileRef = A8D113AD181EBE31001385FE /* Foundation.framework */; };
		A8D113B0181EBE31001385FE /* CoreGraphics.framework in Frameworks */ = {isa = PBXBuildFile; fileRef = A8D113AF181EBE31001385FE /* CoreGraphics.framework */; };
		A8D113B2181EBE31001385FE /* UIKit.framework in Frameworks */ = {isa = PBXBuildFile; fileRef = A8D113B1181EBE31001385FE /* UIKit.framework */; };
		A8D113B8181EBE31001385FE /* InfoPlist.strings in Resources */ = {isa = PBXBuildFile; fileRef = A8D113B6181EBE31001385FE /* InfoPlist.strings */; };
		A8D113C9181EBE31001385FE /* Images.xcassets in Resources */ = {isa = PBXBuildFile; fileRef = A8D113C8181EBE31001385FE /* Images.xcassets */; };
		A8D113D0181EBE31001385FE /* XCTest.framework in Frameworks */ = {isa = PBXBuildFile; fileRef = A8D113CF181EBE31001385FE /* XCTest.framework */; };
		A8D113D1181EBE31001385FE /* Foundation.framework in Frameworks */ = {isa = PBXBuildFile; fileRef = A8D113AD181EBE31001385FE /* Foundation.framework */; };
		A8D113D2181EBE31001385FE /* UIKit.framework in Frameworks */ = {isa = PBXBuildFile; fileRef = A8D113B1181EBE31001385FE /* UIKit.framework */; };
		A8D113DA181EBE31001385FE /* InfoPlist.strings in Resources */ = {isa = PBXBuildFile; fileRef = A8D113D8181EBE31001385FE /* InfoPlist.strings */; };
		A8D113DC181EBE31001385FE /* upTests.m in Sources */ = {isa = PBXBuildFile; fileRef = A8D113DB181EBE31001385FE /* upTests.m */; };
/* End PBXBuildFile section */

/* Begin PBXContainerItemProxy section */
		A8D113D3181EBE31001385FE /* PBXContainerItemProxy */ = {
			isa = PBXContainerItemProxy;
			containerPortal = A8D113A2181EBE31001385FE /* Project object */;
			proxyType = 1;
			remoteGlobalIDString = A8D113A9181EBE31001385FE;
			remoteInfo = up;
		};
/* End PBXContainerItemProxy section */

/* Begin PBXFileReference section */
		A83C9BEC182C07A200D8F644 /* QuartzCore.framework */ = {isa = PBXFileReference; lastKnownFileType = wrapper.framework; name = QuartzCore.framework; path = System/Library/Frameworks/QuartzCore.framework; sourceTree = SDKROOT; };
		A84C468E183132E2004A71B0 /* UPEvaluateProcessViewController.h */ = {isa = PBXFileReference; fileEncoding = 4; lastKnownFileType = sourcecode.c.h; path = UPEvaluateProcessViewController.h; sourceTree = "<group>"; };
		A84C468F183132E2004A71B0 /* UPEvaluateProcessViewController.m */ = {isa = PBXFileReference; fileEncoding = 4; lastKnownFileType = sourcecode.c.objc; path = UPEvaluateProcessViewController.m; sourceTree = "<group>"; };
		A84C469418313A36004A71B0 /* UPEvaluatePageControl.h */ = {isa = PBXFileReference; fileEncoding = 4; lastKnownFileType = sourcecode.c.h; path = UPEvaluatePageControl.h; sourceTree = "<group>"; };
		A84C469518313A36004A71B0 /* UPEvaluatePageControl.m */ = {isa = PBXFileReference; fileEncoding = 4; lastKnownFileType = sourcecode.c.objc; path = UPEvaluatePageControl.m; sourceTree = "<group>"; };
		A868319018281BE0005D4375 /* en */ = {isa = PBXFileReference; lastKnownFileType = text.plist.strings; name = en; path = en.lproj/Localizable.strings; sourceTree = "<group>"; };
		A868319218281C3F005D4375 /* zh-Hans */ = {isa = PBXFileReference; lastKnownFileType = text.plist.strings; name = "zh-Hans"; path = "zh-Hans.lproj/Localizable.strings"; sourceTree = "<group>"; };
		A868319318281C3F005D4375 /* zh-Hans */ = {isa = PBXFileReference; lastKnownFileType = text.plist.strings; name = "zh-Hans"; path = "zh-Hans.lproj/InfoPlist.strings"; sourceTree = "<group>"; };
		A868319418281C3F005D4375 /* zh-Hans */ = {isa = PBXFileReference; lastKnownFileType = text.plist.strings; name = "zh-Hans"; path = "zh-Hans.lproj/InfoPlist.strings"; sourceTree = "<group>"; };
		A87B0932182F63380064A8E9 /* CommonDefine.h */ = {isa = PBXFileReference; fileEncoding = 4; lastKnownFileType = sourcecode.c.h; path = CommonDefine.h; sourceTree = "<group>"; };
		A87B0933182F63380064A8E9 /* CommonNotification.h */ = {isa = PBXFileReference; fileEncoding = 4; lastKnownFileType = sourcecode.c.h; path = CommonNotification.h; sourceTree = "<group>"; };
		A87B0934182F63380064A8E9 /* CommonURL.h */ = {isa = PBXFileReference; fileEncoding = 4; lastKnownFileType = sourcecode.c.h; path = CommonURL.h; sourceTree = "<group>"; };
		A87B0935182F63380064A8E9 /* LocalizedName.h */ = {isa = PBXFileReference; fileEncoding = 4; lastKnownFileType = sourcecode.c.h; path = LocalizedName.h; sourceTree = "<group>"; };
		A87B0936182F63380064A8E9 /* UPCommonHelper.h */ = {isa = PBXFileReference; fileEncoding = 4; lastKnownFileType = sourcecode.c.h; path = UPCommonHelper.h; sourceTree = "<group>"; };
		A87B0937182F63380064A8E9 /* UPCommonHelper.m */ = {isa = PBXFileReference; fileEncoding = 4; lastKnownFileType = sourcecode.c.objc; path = UPCommonHelper.m; sourceTree = "<group>"; };
		A87B0938182F63380064A8E9 /* UPCommonInitMethod.h */ = {isa = PBXFileReference; fileEncoding = 4; lastKnownFileType = sourcecode.c.h; path = UPCommonInitMethod.h; sourceTree = "<group>"; };
		A87B0939182F63380064A8E9 /* UPCommonInitMethod.m */ = {isa = PBXFileReference; fileEncoding = 4; lastKnownFileType = sourcecode.c.objc; path = UPCommonInitMethod.m; sourceTree = "<group>"; };
		A87B093A182F63380064A8E9 /* UPNetworkHelper.h */ = {isa = PBXFileReference; fileEncoding = 4; lastKnownFileType = sourcecode.c.h; path = UPNetworkHelper.h; sourceTree = "<group>"; };
		A87B093B182F63380064A8E9 /* UPNetworkHelper.m */ = {isa = PBXFileReference; fileEncoding = 4; lastKnownFileType = sourcecode.c.objc; path = UPNetworkHelper.m; sourceTree = "<group>"; };
		A87B093D182F63380064A8E9 /* UPSearchBar.h */ = {isa = PBXFileReference; fileEncoding = 4; lastKnownFileType = sourcecode.c.h; path = UPSearchBar.h; sourceTree = "<group>"; };
		A87B093E182F63380064A8E9 /* UPSearchBar.m */ = {isa = PBXFileReference; fileEncoding = 4; lastKnownFileType = sourcecode.c.objc; path = UPSearchBar.m; sourceTree = "<group>"; };
		A87B093F182F63380064A8E9 /* UPTextField.h */ = {isa = PBXFileReference; fileEncoding = 4; lastKnownFileType = sourcecode.c.h; path = UPTextField.h; sourceTree = "<group>"; };
		A87B0940182F63380064A8E9 /* UPTextField.m */ = {isa = PBXFileReference; fileEncoding = 4; lastKnownFileType = sourcecode.c.objc; path = UPTextField.m; sourceTree = "<group>"; };
		A87B0942182F63380064A8E9 /* UPFirstPageLoginOrEnrollViewController.h */ = {isa = PBXFileReference; fileEncoding = 4; lastKnownFileType = sourcecode.c.h; path = UPFirstPageLoginOrEnrollViewController.h; sourceTree = "<group>"; };
		A87B0943182F63380064A8E9 /* UPFirstPageLoginOrEnrollViewController.m */ = {isa = PBXFileReference; fileEncoding = 4; lastKnownFileType = sourcecode.c.objc; path = UPFirstPageLoginOrEnrollViewController.m; sourceTree = "<group>"; };
		A87B0944182F63380064A8E9 /* UPLoginOrEnrollViewControllerBase.h */ = {isa = PBXFileReference; fileEncoding = 4; lastKnownFileType = sourcecode.c.h; path = UPLoginOrEnrollViewControllerBase.h; sourceTree = "<group>"; };
		A87B0945182F63380064A8E9 /* UPLoginOrEnrollViewControllerBase.m */ = {isa = PBXFileReference; fileEncoding = 4; lastKnownFileType = sourcecode.c.objc; path = UPLoginOrEnrollViewControllerBase.m; sourceTree = "<group>"; };
		A87B0946182F63380064A8E9 /* UPOptionalUsernameViewController.h */ = {isa = PBXFileReference; fileEncoding = 4; lastKnownFileType = sourcecode.c.h; path = UPOptionalUsernameViewController.h; sourceTree = "<group>"; };
		A87B0947182F63380064A8E9 /* UPOptionalUsernameViewController.m */ = {isa = PBXFileReference; fileEncoding = 4; lastKnownFileType = sourcecode.c.objc; path = UPOptionalUsernameViewController.m; sourceTree = "<group>"; };
		A87B0948182F63380064A8E9 /* UPSecondPageLoginOrEnrollViewController.h */ = {isa = PBXFileReference; fileEncoding = 4; lastKnownFileType = sourcecode.c.h; path = UPSecondPageLoginOrEnrollViewController.h; sourceTree = "<group>"; };
		A87B0949182F63380064A8E9 /* UPSecondPageLoginOrEnrollViewController.m */ = {isa = PBXFileReference; fileEncoding = 4; lastKnownFileType = sourcecode.c.objc; path = UPSecondPageLoginOrEnrollViewController.m; sourceTree = "<group>"; };
		A87B094B182F63380064A8E9 /* main.m */ = {isa = PBXFileReference; fileEncoding = 4; lastKnownFileType = sourcecode.c.objc; path = main.m; sourceTree = "<group>"; };
		A87B094C182F63380064A8E9 /* UPAppDelegate.h */ = {isa = PBXFileReference; fileEncoding = 4; lastKnownFileType = sourcecode.c.h; path = UPAppDelegate.h; sourceTree = "<group>"; };
		A87B094D182F63380064A8E9 /* UPAppDelegate.m */ = {isa = PBXFileReference; fileEncoding = 4; lastKnownFileType = sourcecode.c.objc; path = UPAppDelegate.m; sourceTree = "<group>"; };
		A87B094E182F63380064A8E9 /* UPIndexScrollViewController.h */ = {isa = PBXFileReference; fileEncoding = 4; lastKnownFileType = sourcecode.c.h; path = UPIndexScrollViewController.h; sourceTree = "<group>"; };
		A87B094F182F63380064A8E9 /* UPIndexScrollViewController.m */ = {isa = PBXFileReference; fileEncoding = 4; lastKnownFileType = sourcecode.c.objc; path = UPIndexScrollViewController.m; sourceTree = "<group>"; };
		A87B0951182F63380064A8E9 /* UPJobDetailView.h */ = {isa = PBXFileReference; fileEncoding = 4; lastKnownFileType = sourcecode.c.h; path = UPJobDetailView.h; sourceTree = "<group>"; };
		A87B0952182F63380064A8E9 /* UPJobDetailView.m */ = {isa = PBXFileReference; fileEncoding = 4; lastKnownFileType = sourcecode.c.objc; path = UPJobDetailView.m; sourceTree = "<group>"; };
		A87B0953182F63380064A8E9 /* UPMoreSearchViewController.h */ = {isa = PBXFileReference; fileEncoding = 4; lastKnownFileType = sourcecode.c.h; path = UPMoreSearchViewController.h; sourceTree = "<group>"; };
		A87B0954182F63380064A8E9 /* UPMoreSearchViewController.m */ = {isa = PBXFileReference; fileEncoding = 4; lastKnownFileType = sourcecode.c.objc; path = UPMoreSearchViewController.m; sourceTree = "<group>"; };
		A87B0955182F63380064A8E9 /* UPSearchViewController.h */ = {isa = PBXFileReference; fileEncoding = 4; lastKnownFileType = sourcecode.c.h; path = UPSearchViewController.h; sourceTree = "<group>"; };
		A87B0956182F63380064A8E9 /* UPSearchViewController.m */ = {isa = PBXFileReference; fileEncoding = 4; lastKnownFileType = sourcecode.c.objc; path = UPSearchViewController.m; sourceTree = "<group>"; };
		A87B0959182F63380064A8E9 /* AFHTTPRequestOperation.h */ = {isa = PBXFileReference; fileEncoding = 4; lastKnownFileType = sourcecode.c.h; path = AFHTTPRequestOperation.h; sourceTree = "<group>"; };
		A87B095A182F63380064A8E9 /* AFHTTPRequestOperation.m */ = {isa = PBXFileReference; fileEncoding = 4; lastKnownFileType = sourcecode.c.objc; path = AFHTTPRequestOperation.m; sourceTree = "<group>"; };
		A87B095B182F63380064A8E9 /* AFHTTPRequestOperationManager.h */ = {isa = PBXFileReference; fileEncoding = 4; lastKnownFileType = sourcecode.c.h; path = AFHTTPRequestOperationManager.h; sourceTree = "<group>"; };
		A87B095C182F63380064A8E9 /* AFHTTPRequestOperationManager.m */ = {isa = PBXFileReference; fileEncoding = 4; lastKnownFileType = sourcecode.c.objc; path = AFHTTPRequestOperationManager.m; sourceTree = "<group>"; };
		A87B095D182F63380064A8E9 /* AFHTTPSessionManager.h */ = {isa = PBXFileReference; fileEncoding = 4; lastKnownFileType = sourcecode.c.h; path = AFHTTPSessionManager.h; sourceTree = "<group>"; };
		A87B095E182F63380064A8E9 /* AFHTTPSessionManager.m */ = {isa = PBXFileReference; fileEncoding = 4; lastKnownFileType = sourcecode.c.objc; path = AFHTTPSessionManager.m; sourceTree = "<group>"; };
		A87B095F182F63380064A8E9 /* AFNetworking.h */ = {isa = PBXFileReference; fileEncoding = 4; lastKnownFileType = sourcecode.c.h; path = AFNetworking.h; sourceTree = "<group>"; };
		A87B0960182F63380064A8E9 /* AFNetworkReachabilityManager.h */ = {isa = PBXFileReference; fileEncoding = 4; lastKnownFileType = sourcecode.c.h; path = AFNetworkReachabilityManager.h; sourceTree = "<group>"; };
		A87B0961182F63380064A8E9 /* AFNetworkReachabilityManager.m */ = {isa = PBXFileReference; fileEncoding = 4; lastKnownFileType = sourcecode.c.objc; path = AFNetworkReachabilityManager.m; sourceTree = "<group>"; };
		A87B0962182F63380064A8E9 /* AFSecurityPolicy.h */ = {isa = PBXFileReference; fileEncoding = 4; lastKnownFileType = sourcecode.c.h; path = AFSecurityPolicy.h; sourceTree = "<group>"; };
		A87B0963182F63380064A8E9 /* AFSecurityPolicy.m */ = {isa = PBXFileReference; fileEncoding = 4; lastKnownFileType = sourcecode.c.objc; path = AFSecurityPolicy.m; sourceTree = "<group>"; };
		A87B0964182F63380064A8E9 /* AFURLConnectionOperation.h */ = {isa = PBXFileReference; fileEncoding = 4; lastKnownFileType = sourcecode.c.h; path = AFURLConnectionOperation.h; sourceTree = "<group>"; };
		A87B0965182F63380064A8E9 /* AFURLConnectionOperation.m */ = {isa = PBXFileReference; fileEncoding = 4; lastKnownFileType = sourcecode.c.objc; path = AFURLConnectionOperation.m; sourceTree = "<group>"; };
		A87B0966182F63380064A8E9 /* AFURLRequestSerialization.h */ = {isa = PBXFileReference; fileEncoding = 4; lastKnownFileType = sourcecode.c.h; path = AFURLRequestSerialization.h; sourceTree = "<group>"; };
		A87B0967182F63380064A8E9 /* AFURLRequestSerialization.m */ = {isa = PBXFileReference; fileEncoding = 4; lastKnownFileType = sourcecode.c.objc; path = AFURLRequestSerialization.m; sourceTree = "<group>"; };
		A87B0968182F63380064A8E9 /* AFURLResponseSerialization.h */ = {isa = PBXFileReference; fileEncoding = 4; lastKnownFileType = sourcecode.c.h; path = AFURLResponseSerialization.h; sourceTree = "<group>"; };
		A87B0969182F63380064A8E9 /* AFURLResponseSerialization.m */ = {isa = PBXFileReference; fileEncoding = 4; lastKnownFileType = sourcecode.c.objc; path = AFURLResponseSerialization.m; sourceTree = "<group>"; };
		A87B096A182F63380064A8E9 /* AFURLSessionManager.h */ = {isa = PBXFileReference; fileEncoding = 4; lastKnownFileType = sourcecode.c.h; path = AFURLSessionManager.h; sourceTree = "<group>"; };
		A87B096B182F63380064A8E9 /* AFURLSessionManager.m */ = {isa = PBXFileReference; fileEncoding = 4; lastKnownFileType = sourcecode.c.objc; path = AFURLSessionManager.m; sourceTree = "<group>"; };
		A87B096D182F63380064A8E9 /* FMDatabase+InMemoryOnDiskIO.h */ = {isa = PBXFileReference; fileEncoding = 4; lastKnownFileType = sourcecode.c.h; path = "FMDatabase+InMemoryOnDiskIO.h"; sourceTree = "<group>"; };
		A87B096E182F63380064A8E9 /* FMDatabase+InMemoryOnDiskIO.m */ = {isa = PBXFileReference; fileEncoding = 4; lastKnownFileType = sourcecode.c.objc; path = "FMDatabase+InMemoryOnDiskIO.m"; sourceTree = "<group>"; };
		A87B096F182F63380064A8E9 /* FMDatabase.h */ = {isa = PBXFileReference; fileEncoding = 4; lastKnownFileType = sourcecode.c.h; path = FMDatabase.h; sourceTree = "<group>"; };
		A87B0970182F63380064A8E9 /* FMDatabase.m */ = {isa = PBXFileReference; fileEncoding = 4; lastKnownFileType = sourcecode.c.objc; path = FMDatabase.m; sourceTree = "<group>"; };
		A87B0971182F63380064A8E9 /* FMDatabaseAdditions.h */ = {isa = PBXFileReference; fileEncoding = 4; lastKnownFileType = sourcecode.c.h; path = FMDatabaseAdditions.h; sourceTree = "<group>"; };
		A87B0972182F63380064A8E9 /* FMDatabaseAdditions.m */ = {isa = PBXFileReference; fileEncoding = 4; lastKnownFileType = sourcecode.c.objc; path = FMDatabaseAdditions.m; sourceTree = "<group>"; };
		A87B0973182F63380064A8E9 /* FMDatabasePool.h */ = {isa = PBXFileReference; fileEncoding = 4; lastKnownFileType = sourcecode.c.h; path = FMDatabasePool.h; sourceTree = "<group>"; };
		A87B0974182F63380064A8E9 /* FMDatabasePool.m */ = {isa = PBXFileReference; fileEncoding = 4; lastKnownFileType = sourcecode.c.objc; path = FMDatabasePool.m; sourceTree = "<group>"; };
		A87B0975182F63380064A8E9 /* FMDatabaseQueue.h */ = {isa = PBXFileReference; fileEncoding = 4; lastKnownFileType = sourcecode.c.h; path = FMDatabaseQueue.h; sourceTree = "<group>"; };
		A87B0976182F63380064A8E9 /* FMDatabaseQueue.m */ = {isa = PBXFileReference; fileEncoding = 4; lastKnownFileType = sourcecode.c.objc; path = FMDatabaseQueue.m; sourceTree = "<group>"; };
		A87B0977182F63380064A8E9 /* fmdb.m */ = {isa = PBXFileReference; fileEncoding = 4; lastKnownFileType = sourcecode.c.objc; path = fmdb.m; sourceTree = "<group>"; };
		A87B0978182F63380064A8E9 /* FMResultSet.h */ = {isa = PBXFileReference; fileEncoding = 4; lastKnownFileType = sourcecode.c.h; path = FMResultSet.h; sourceTree = "<group>"; };
		A87B0979182F63380064A8E9 /* FMResultSet.m */ = {isa = PBXFileReference; fileEncoding = 4; lastKnownFileType = sourcecode.c.objc; path = FMResultSet.m; sourceTree = "<group>"; };
		A87B0999182F65210064A8E9 /* UPEvaluateViewController.h */ = {isa = PBXFileReference; fileEncoding = 4; lastKnownFileType = sourcecode.c.h; path = UPEvaluateViewController.h; sourceTree = "<group>"; };
		A87B099A182F65210064A8E9 /* UPEvaluateViewController.m */ = {isa = PBXFileReference; fileEncoding = 4; lastKnownFileType = sourcecode.c.objc; path = UPEvaluateViewController.m; sourceTree = "<group>"; };
		A87B099C182F98350064A8E9 /* UPEvaluatePageView.h */ = {isa = PBXFileReference; fileEncoding = 4; lastKnownFileType = sourcecode.c.h; path = UPEvaluatePageView.h; sourceTree = "<group>"; };
		A87B099D182F98350064A8E9 /* UPEvaluatePageView.m */ = {isa = PBXFileReference; fileEncoding = 4; lastKnownFileType = sourcecode.c.objc; path = UPEvaluatePageView.m; sourceTree = "<group>"; };
		A87B099F182FA9850064A8E9 /* UPQuestionSectionButton.h */ = {isa = PBXFileReference; fileEncoding = 4; lastKnownFileType = sourcecode.c.h; path = UPQuestionSectionButton.h; sourceTree = "<group>"; };
		A87B09A0182FA9850064A8E9 /* UPQuestionSectionButton.m */ = {isa = PBXFileReference; fileEncoding = 4; lastKnownFileType = sourcecode.c.objc; path = UPQuestionSectionButton.m; sourceTree = "<group>"; };
		A8906E231821916A00F0D3B8 /* libsqlite3.0.dylib */ = {isa = PBXFileReference; lastKnownFileType = "compiled.mach-o.dylib"; name = libsqlite3.0.dylib; path = usr/lib/libsqlite3.0.dylib; sourceTree = SDKROOT; };
		A8906E251821938C00F0D3B8 /* libsqlite3.dylib */ = {isa = PBXFileReference; lastKnownFileType = "compiled.mach-o.dylib"; name = libsqlite3.dylib; path = usr/lib/libsqlite3.dylib; sourceTree = SDKROOT; };
		A8D113AA181EBE31001385FE /* up.app */ = {isa = PBXFileReference; explicitFileType = wrapper.application; includeInIndex = 0; path = up.app; sourceTree = BUILT_PRODUCTS_DIR; };
		A8D113AD181EBE31001385FE /* Foundation.framework */ = {isa = PBXFileReference; lastKnownFileType = wrapper.framework; name = Foundation.framework; path = System/Library/Frameworks/Foundation.framework; sourceTree = SDKROOT; };
		A8D113AF181EBE31001385FE /* CoreGraphics.framework */ = {isa = PBXFileReference; lastKnownFileType = wrapper.framework; name = CoreGraphics.framework; path = System/Library/Frameworks/CoreGraphics.framework; sourceTree = SDKROOT; };
		A8D113B1181EBE31001385FE /* UIKit.framework */ = {isa = PBXFileReference; lastKnownFileType = wrapper.framework; name = UIKit.framework; path = System/Library/Frameworks/UIKit.framework; sourceTree = SDKROOT; };
		A8D113B5181EBE31001385FE /* up-Info.plist */ = {isa = PBXFileReference; lastKnownFileType = text.plist.xml; path = "up-Info.plist"; sourceTree = "<group>"; };
		A8D113B7181EBE31001385FE /* en */ = {isa = PBXFileReference; lastKnownFileType = text.plist.strings; name = en; path = en.lproj/InfoPlist.strings; sourceTree = "<group>"; };
		A8D113BB181EBE31001385FE /* up-Prefix.pch */ = {isa = PBXFileReference; lastKnownFileType = sourcecode.c.h; path = "up-Prefix.pch"; sourceTree = "<group>"; };
		A8D113C8181EBE31001385FE /* Images.xcassets */ = {isa = PBXFileReference; lastKnownFileType = folder.assetcatalog; name = Images.xcassets; path = ../Images.xcassets; sourceTree = "<group>"; };
		A8D113CE181EBE31001385FE /* upTests.xctest */ = {isa = PBXFileReference; explicitFileType = wrapper.cfbundle; includeInIndex = 0; path = upTests.xctest; sourceTree = BUILT_PRODUCTS_DIR; };
		A8D113CF181EBE31001385FE /* XCTest.framework */ = {isa = PBXFileReference; lastKnownFileType = wrapper.framework; name = XCTest.framework; path = Library/Frameworks/XCTest.framework; sourceTree = DEVELOPER_DIR; };
		A8D113D7181EBE31001385FE /* upTests-Info.plist */ = {isa = PBXFileReference; lastKnownFileType = text.plist.xml; path = "upTests-Info.plist"; sourceTree = "<group>"; };
		A8D113D9181EBE31001385FE /* en */ = {isa = PBXFileReference; lastKnownFileType = text.plist.strings; name = en; path = en.lproj/InfoPlist.strings; sourceTree = "<group>"; };
		A8D113DB181EBE31001385FE /* upTests.m */ = {isa = PBXFileReference; lastKnownFileType = sourcecode.c.objc; path = upTests.m; sourceTree = "<group>"; };
/* End PBXFileReference section */

/* Begin PBXFrameworksBuildPhase section */
		A8D113A7181EBE31001385FE /* Frameworks */ = {
			isa = PBXFrameworksBuildPhase;
			buildActionMask = 2147483647;
			files = (
				A83C9BED182C07A200D8F644 /* QuartzCore.framework in Frameworks */,
				A8906E261821938C00F0D3B8 /* libsqlite3.dylib in Frameworks */,
				A8D113B0181EBE31001385FE /* CoreGraphics.framework in Frameworks */,
				A8D113B2181EBE31001385FE /* UIKit.framework in Frameworks */,
				A8D113AE181EBE31001385FE /* Foundation.framework in Frameworks */,
			);
			runOnlyForDeploymentPostprocessing = 0;
		};
		A8D113CB181EBE31001385FE /* Frameworks */ = {
			isa = PBXFrameworksBuildPhase;
			buildActionMask = 2147483647;
			files = (
				A8D113D0181EBE31001385FE /* XCTest.framework in Frameworks */,
				A8D113D2181EBE31001385FE /* UIKit.framework in Frameworks */,
				A8D113D1181EBE31001385FE /* Foundation.framework in Frameworks */,
			);
			runOnlyForDeploymentPostprocessing = 0;
		};
/* End PBXFrameworksBuildPhase section */

/* Begin PBXGroup section */
		A868318C18281B5A005D4375 /* Resource */ = {
			isa = PBXGroup;
			children = (
				A8D113C8181EBE31001385FE /* Images.xcassets */,
				A868319118281BE0005D4375 /* Localizable.strings */,
			);
			path = Resource;
			sourceTree = "<group>";
		};
		A87B092F182F62C20064A8E9 /* Application */ = {
			isa = PBXGroup;
			children = (
				A87B0930182F62C20064A8E9 /* EvaluatePage */,
				A87B0931182F63380064A8E9 /* Common */,
				A87B093C182F63380064A8E9 /* Controls */,
				A87B0941182F63380064A8E9 /* LoginOrEnrollPage */,
				A87B094A182F63380064A8E9 /* main */,
				A87B0950182F63380064A8E9 /* SearchPage */,
				A87B0957182F63380064A8E9 /* ThirdPart */,
			);
			path = Application;
			sourceTree = "<group>";
		};
		A87B0930182F62C20064A8E9 /* EvaluatePage */ = {
			isa = PBXGroup;
			children = (
				A87B0999182F65210064A8E9 /* UPEvaluateViewController.h */,
				A87B099A182F65210064A8E9 /* UPEvaluateViewController.m */,
				A84C468E183132E2004A71B0 /* UPEvaluateProcessViewController.h */,
				A84C468F183132E2004A71B0 /* UPEvaluateProcessViewController.m */,
				A87B099C182F98350064A8E9 /* UPEvaluatePageView.h */,
				A87B099D182F98350064A8E9 /* UPEvaluatePageView.m */,
				A87B099F182FA9850064A8E9 /* UPQuestionSectionButton.h */,
				A87B09A0182FA9850064A8E9 /* UPQuestionSectionButton.m */,
				A84C469418313A36004A71B0 /* UPEvaluatePageControl.h */,
				A84C469518313A36004A71B0 /* UPEvaluatePageControl.m */,
			);
			path = EvaluatePage;
			sourceTree = "<group>";
		};
		A87B0931182F63380064A8E9 /* Common */ = {
			isa = PBXGroup;
			children = (
				A87B0932182F63380064A8E9 /* CommonDefine.h */,
				A87B0933182F63380064A8E9 /* CommonNotification.h */,
				A87B0934182F63380064A8E9 /* CommonURL.h */,
				A87B0935182F63380064A8E9 /* LocalizedName.h */,
				A87B0936182F63380064A8E9 /* UPCommonHelper.h */,
				A87B0937182F63380064A8E9 /* UPCommonHelper.m */,
				A87B0938182F63380064A8E9 /* UPCommonInitMethod.h */,
				A87B0939182F63380064A8E9 /* UPCommonInitMethod.m */,
				A87B093A182F63380064A8E9 /* UPNetworkHelper.h */,
				A87B093B182F63380064A8E9 /* UPNetworkHelper.m */,
			);
			path = Common;
			sourceTree = "<group>";
		};
		A87B093C182F63380064A8E9 /* Controls */ = {
			isa = PBXGroup;
			children = (
				A87B093D182F63380064A8E9 /* UPSearchBar.h */,
				A87B093E182F63380064A8E9 /* UPSearchBar.m */,
				A87B093F182F63380064A8E9 /* UPTextField.h */,
				A87B0940182F63380064A8E9 /* UPTextField.m */,
			);
			path = Controls;
			sourceTree = "<group>";
		};
		A87B0941182F63380064A8E9 /* LoginOrEnrollPage */ = {
			isa = PBXGroup;
			children = (
				A87B0942182F63380064A8E9 /* UPFirstPageLoginOrEnrollViewController.h */,
				A87B0943182F63380064A8E9 /* UPFirstPageLoginOrEnrollViewController.m */,
				A87B0944182F63380064A8E9 /* UPLoginOrEnrollViewControllerBase.h */,
				A87B0945182F63380064A8E9 /* UPLoginOrEnrollViewControllerBase.m */,
				A87B0946182F63380064A8E9 /* UPOptionalUsernameViewController.h */,
				A87B0947182F63380064A8E9 /* UPOptionalUsernameViewController.m */,
				A87B0948182F63380064A8E9 /* UPSecondPageLoginOrEnrollViewController.h */,
				A87B0949182F63380064A8E9 /* UPSecondPageLoginOrEnrollViewController.m */,
			);
			path = LoginOrEnrollPage;
			sourceTree = "<group>";
		};
		A87B094A182F63380064A8E9 /* main */ = {
			isa = PBXGroup;
			children = (
				A87B094B182F63380064A8E9 /* main.m */,
				A87B094C182F63380064A8E9 /* UPAppDelegate.h */,
				A87B094D182F63380064A8E9 /* UPAppDelegate.m */,
				A87B094E182F63380064A8E9 /* UPIndexScrollViewController.h */,
				A87B094F182F63380064A8E9 /* UPIndexScrollViewController.m */,
			);
			path = main;
			sourceTree = "<group>";
		};
		A87B0950182F63380064A8E9 /* SearchPage */ = {
			isa = PBXGroup;
			children = (
				A87B0951182F63380064A8E9 /* UPJobDetailView.h */,
				A87B0952182F63380064A8E9 /* UPJobDetailView.m */,
				A87B0953182F63380064A8E9 /* UPMoreSearchViewController.h */,
				A87B0954182F63380064A8E9 /* UPMoreSearchViewController.m */,
				A87B0955182F63380064A8E9 /* UPSearchViewController.h */,
				A87B0956182F63380064A8E9 /* UPSearchViewController.m */,
			);
			path = SearchPage;
			sourceTree = "<group>";
		};
		A87B0957182F63380064A8E9 /* ThirdPart */ = {
			isa = PBXGroup;
			children = (
				A87B0958182F63380064A8E9 /* AFNetworking */,
				A87B096C182F63380064A8E9 /* FMDB */,
			);
			path = ThirdPart;
			sourceTree = "<group>";
		};
		A87B0958182F63380064A8E9 /* AFNetworking */ = {
			isa = PBXGroup;
			children = (
				A87B0959182F63380064A8E9 /* AFHTTPRequestOperation.h */,
				A87B095A182F63380064A8E9 /* AFHTTPRequestOperation.m */,
				A87B095B182F63380064A8E9 /* AFHTTPRequestOperationManager.h */,
				A87B095C182F63380064A8E9 /* AFHTTPRequestOperationManager.m */,
				A87B095D182F63380064A8E9 /* AFHTTPSessionManager.h */,
				A87B095E182F63380064A8E9 /* AFHTTPSessionManager.m */,
				A87B095F182F63380064A8E9 /* AFNetworking.h */,
				A87B0960182F63380064A8E9 /* AFNetworkReachabilityManager.h */,
				A87B0961182F63380064A8E9 /* AFNetworkReachabilityManager.m */,
				A87B0962182F63380064A8E9 /* AFSecurityPolicy.h */,
				A87B0963182F63380064A8E9 /* AFSecurityPolicy.m */,
				A87B0964182F63380064A8E9 /* AFURLConnectionOperation.h */,
				A87B0965182F63380064A8E9 /* AFURLConnectionOperation.m */,
				A87B0966182F63380064A8E9 /* AFURLRequestSerialization.h */,
				A87B0967182F63380064A8E9 /* AFURLRequestSerialization.m */,
				A87B0968182F63380064A8E9 /* AFURLResponseSerialization.h */,
				A87B0969182F63380064A8E9 /* AFURLResponseSerialization.m */,
				A87B096A182F63380064A8E9 /* AFURLSessionManager.h */,
				A87B096B182F63380064A8E9 /* AFURLSessionManager.m */,
			);
			path = AFNetworking;
			sourceTree = "<group>";
		};
		A87B096C182F63380064A8E9 /* FMDB */ = {
			isa = PBXGroup;
			children = (
				A87B096D182F63380064A8E9 /* FMDatabase+InMemoryOnDiskIO.h */,
				A87B096E182F63380064A8E9 /* FMDatabase+InMemoryOnDiskIO.m */,
				A87B096F182F63380064A8E9 /* FMDatabase.h */,
				A87B0970182F63380064A8E9 /* FMDatabase.m */,
				A87B0971182F63380064A8E9 /* FMDatabaseAdditions.h */,
				A87B0972182F63380064A8E9 /* FMDatabaseAdditions.m */,
				A87B0973182F63380064A8E9 /* FMDatabasePool.h */,
				A87B0974182F63380064A8E9 /* FMDatabasePool.m */,
				A87B0975182F63380064A8E9 /* FMDatabaseQueue.h */,
				A87B0976182F63380064A8E9 /* FMDatabaseQueue.m */,
				A87B0977182F63380064A8E9 /* fmdb.m */,
				A87B0978182F63380064A8E9 /* FMResultSet.h */,
				A87B0979182F63380064A8E9 /* FMResultSet.m */,
			);
			path = FMDB;
			sourceTree = "<group>";
		};
		A8D113A1181EBE31001385FE = {
			isa = PBXGroup;
			children = (
				A8D113B3181EBE31001385FE /* up */,
				A8D113D5181EBE31001385FE /* upTests */,
				A8D113AC181EBE31001385FE /* Frameworks */,
				A8D113AB181EBE31001385FE /* Products */,
			);
			sourceTree = "<group>";
		};
		A8D113AB181EBE31001385FE /* Products */ = {
			isa = PBXGroup;
			children = (
				A8D113AA181EBE31001385FE /* up.app */,
				A8D113CE181EBE31001385FE /* upTests.xctest */,
			);
			name = Products;
			sourceTree = "<group>";
		};
		A8D113AC181EBE31001385FE /* Frameworks */ = {
			isa = PBXGroup;
			children = (
				A83C9BEC182C07A200D8F644 /* QuartzCore.framework */,
				A8906E251821938C00F0D3B8 /* libsqlite3.dylib */,
				A8906E231821916A00F0D3B8 /* libsqlite3.0.dylib */,
				A8D113AD181EBE31001385FE /* Foundation.framework */,
				A8D113AF181EBE31001385FE /* CoreGraphics.framework */,
				A8D113B1181EBE31001385FE /* UIKit.framework */,
				A8D113CF181EBE31001385FE /* XCTest.framework */,
			);
			name = Frameworks;
			sourceTree = "<group>";
		};
		A8D113B3181EBE31001385FE /* up */ = {
			isa = PBXGroup;
			children = (
				A87B092F182F62C20064A8E9 /* Application */,
				A868318C18281B5A005D4375 /* Resource */,
				A8D113B4181EBE31001385FE /* Supporting Files */,
			);
			path = up;
			sourceTree = "<group>";
		};
		A8D113B4181EBE31001385FE /* Supporting Files */ = {
			isa = PBXGroup;
			children = (
				A8D113B5181EBE31001385FE /* up-Info.plist */,
				A8D113B6181EBE31001385FE /* InfoPlist.strings */,
				A8D113BB181EBE31001385FE /* up-Prefix.pch */,
			);
			name = "Supporting Files";
			sourceTree = "<group>";
		};
		A8D113D5181EBE31001385FE /* upTests */ = {
			isa = PBXGroup;
			children = (
				A8D113DB181EBE31001385FE /* upTests.m */,
				A8D113D6181EBE31001385FE /* Supporting Files */,
			);
			path = upTests;
			sourceTree = "<group>";
		};
		A8D113D6181EBE31001385FE /* Supporting Files */ = {
			isa = PBXGroup;
			children = (
				A8D113D7181EBE31001385FE /* upTests-Info.plist */,
				A8D113D8181EBE31001385FE /* InfoPlist.strings */,
			);
			name = "Supporting Files";
			sourceTree = "<group>";
		};
/* End PBXGroup section */

/* Begin PBXNativeTarget section */
		A8D113A9181EBE31001385FE /* up */ = {
			isa = PBXNativeTarget;
			buildConfigurationList = A8D113DF181EBE31001385FE /* Build configuration list for PBXNativeTarget "up" */;
			buildPhases = (
				A8D113A6181EBE31001385FE /* Sources */,
				A8D113A7181EBE31001385FE /* Frameworks */,
				A8D113A8181EBE31001385FE /* Resources */,
			);
			buildRules = (
			);
			dependencies = (
			);
			name = up;
			productName = up;
			productReference = A8D113AA181EBE31001385FE /* up.app */;
			productType = "com.apple.product-type.application";
		};
		A8D113CD181EBE31001385FE /* upTests */ = {
			isa = PBXNativeTarget;
			buildConfigurationList = A8D113E2181EBE31001385FE /* Build configuration list for PBXNativeTarget "upTests" */;
			buildPhases = (
				A8D113CA181EBE31001385FE /* Sources */,
				A8D113CB181EBE31001385FE /* Frameworks */,
				A8D113CC181EBE31001385FE /* Resources */,
			);
			buildRules = (
			);
			dependencies = (
				A8D113D4181EBE31001385FE /* PBXTargetDependency */,
			);
			name = upTests;
			productName = upTests;
			productReference = A8D113CE181EBE31001385FE /* upTests.xctest */;
			productType = "com.apple.product-type.bundle.unit-test";
		};
/* End PBXNativeTarget section */

/* Begin PBXProject section */
		A8D113A2181EBE31001385FE /* Project object */ = {
			isa = PBXProject;
			attributes = {
				CLASSPREFIX = UP;
				LastUpgradeCheck = 0500;
				ORGANIZATIONNAME = me.v2up;
				TargetAttributes = {
					A8D113A9181EBE31001385FE = {
						DevelopmentTeam = D2NUVPE727;
					};
					A8D113CD181EBE31001385FE = {
						TestTargetID = A8D113A9181EBE31001385FE;
					};
				};
			};
			buildConfigurationList = A8D113A5181EBE31001385FE /* Build configuration list for PBXProject "up" */;
			compatibilityVersion = "Xcode 3.2";
			developmentRegion = English;
			hasScannedForEncodings = 0;
			knownRegions = (
				en,
				Base,
				"zh-Hans",
			);
			mainGroup = A8D113A1181EBE31001385FE;
			productRefGroup = A8D113AB181EBE31001385FE /* Products */;
			projectDirPath = "";
			projectRoot = "";
			targets = (
				A8D113A9181EBE31001385FE /* up */,
				A8D113CD181EBE31001385FE /* upTests */,
			);
		};
/* End PBXProject section */

/* Begin PBXResourcesBuildPhase section */
		A8D113A8181EBE31001385FE /* Resources */ = {
			isa = PBXResourcesBuildPhase;
			buildActionMask = 2147483647;
			files = (
				A8D113C9181EBE31001385FE /* Images.xcassets in Resources */,
				A868318F18281BE0005D4375 /* Localizable.strings in Resources */,
				A8D113B8181EBE31001385FE /* InfoPlist.strings in Resources */,
			);
			runOnlyForDeploymentPostprocessing = 0;
		};
		A8D113CC181EBE31001385FE /* Resources */ = {
			isa = PBXResourcesBuildPhase;
			buildActionMask = 2147483647;
			files = (
				A8D113DA181EBE31001385FE /* InfoPlist.strings in Resources */,
			);
			runOnlyForDeploymentPostprocessing = 0;
		};
/* End PBXResourcesBuildPhase section */

/* Begin PBXSourcesBuildPhase section */
		A8D113A6181EBE31001385FE /* Sources */ = {
			isa = PBXSourcesBuildPhase;
			buildActionMask = 2147483647;
			files = (
				A87B0988182F63380064A8E9 /* UPSearchViewController.m in Sources */,
				A87B0983182F63380064A8E9 /* main.m in Sources */,
				A84C469618313A36004A71B0 /* UPEvaluatePageControl.m in Sources */,
				A87B0982182F63380064A8E9 /* UPSecondPageLoginOrEnrollViewController.m in Sources */,
				A87B099E182F98350064A8E9 /* UPEvaluatePageView.m in Sources */,
				A87B098B182F63380064A8E9 /* AFHTTPSessionManager.m in Sources */,
				A87B097D182F63380064A8E9 /* UPSearchBar.m in Sources */,
				A87B098C182F63380064A8E9 /* AFNetworkReachabilityManager.m in Sources */,
				A87B0989182F63380064A8E9 /* AFHTTPRequestOperation.m in Sources */,
				A87B098F182F63380064A8E9 /* AFURLRequestSerialization.m in Sources */,
				A87B098E182F63380064A8E9 /* AFURLConnectionOperation.m in Sources */,
				A87B0991182F63380064A8E9 /* AFURLSessionManager.m in Sources */,
				A87B0998182F63380064A8E9 /* FMResultSet.m in Sources */,
				A87B0992182F63380064A8E9 /* FMDatabase+InMemoryOnDiskIO.m in Sources */,
				A87B097E182F63380064A8E9 /* UPTextField.m in Sources */,
				A87B097F182F63380064A8E9 /* UPFirstPageLoginOrEnrollViewController.m in Sources */,
				A87B0981182F63380064A8E9 /* UPOptionalUsernameViewController.m in Sources */,
				A87B09A1182FA9850064A8E9 /* UPQuestionSectionButton.m in Sources */,
				A87B097B182F63380064A8E9 /* UPCommonInitMethod.m in Sources */,
				A87B0993182F63380064A8E9 /* FMDatabase.m in Sources */,
				A87B0985182F63380064A8E9 /* UPIndexScrollViewController.m in Sources */,
				A87B097A182F63380064A8E9 /* UPCommonHelper.m in Sources */,
				A87B0980182F63380064A8E9 /* UPLoginOrEnrollViewControllerBase.m in Sources */,
				A87B0984182F63380064A8E9 /* UPAppDelegate.m in Sources */,
				A87B0986182F63380064A8E9 /* UPJobDetailView.m in Sources */,
				A87B098D182F63380064A8E9 /* AFSecurityPolicy.m in Sources */,
				A87B0987182F63380064A8E9 /* UPMoreSearchViewController.m in Sources */,
				A87B0994182F63380064A8E9 /* FMDatabaseAdditions.m in Sources */,
				A87B098A182F63380064A8E9 /* AFHTTPRequestOperationManager.m in Sources */,
				A84C4690183132E2004A71B0 /* UPEvaluateProcessViewController.m in Sources */,
				A87B0995182F63380064A8E9 /* FMDatabasePool.m in Sources */,
				A87B097C182F63380064A8E9 /* UPNetworkHelper.m in Sources */,
				A87B0990182F63380064A8E9 /* AFURLResponseSerialization.m in Sources */,
				A87B099B182F65210064A8E9 /* UPEvaluateViewController.m in Sources */,
				A87B0996182F63380064A8E9 /* FMDatabaseQueue.m in Sources */,
			);
			runOnlyForDeploymentPostprocessing = 0;
		};
		A8D113CA181EBE31001385FE /* Sources */ = {
			isa = PBXSourcesBuildPhase;
			buildActionMask = 2147483647;
			files = (
				A8D113DC181EBE31001385FE /* upTests.m in Sources */,
			);
			runOnlyForDeploymentPostprocessing = 0;
		};
/* End PBXSourcesBuildPhase section */

/* Begin PBXTargetDependency section */
		A8D113D4181EBE31001385FE /* PBXTargetDependency */ = {
			isa = PBXTargetDependency;
			target = A8D113A9181EBE31001385FE /* up */;
			targetProxy = A8D113D3181EBE31001385FE /* PBXContainerItemProxy */;
		};
/* End PBXTargetDependency section */

/* Begin PBXVariantGroup section */
		A868319118281BE0005D4375 /* Localizable.strings */ = {
			isa = PBXVariantGroup;
			children = (
				A868319018281BE0005D4375 /* en */,
				A868319218281C3F005D4375 /* zh-Hans */,
			);
			name = Localizable.strings;
			sourceTree = "<group>";
		};
		A8D113B6181EBE31001385FE /* InfoPlist.strings */ = {
			isa = PBXVariantGroup;
			children = (
				A8D113B7181EBE31001385FE /* en */,
				A868319318281C3F005D4375 /* zh-Hans */,
			);
			name = InfoPlist.strings;
			sourceTree = "<group>";
		};
		A8D113D8181EBE31001385FE /* InfoPlist.strings */ = {
			isa = PBXVariantGroup;
			children = (
				A8D113D9181EBE31001385FE /* en */,
				A868319418281C3F005D4375 /* zh-Hans */,
			);
			name = InfoPlist.strings;
			sourceTree = "<group>";
		};
/* End PBXVariantGroup section */

/* Begin XCBuildConfiguration section */
		A8D113DD181EBE31001385FE /* Debug */ = {
			isa = XCBuildConfiguration;
			buildSettings = {
				ALWAYS_SEARCH_USER_PATHS = NO;
				ARCHS = "$(ARCHS_STANDARD_INCLUDING_64_BIT)";
				CLANG_CXX_LANGUAGE_STANDARD = "gnu++0x";
				CLANG_CXX_LIBRARY = "libc++";
				CLANG_ENABLE_MODULES = YES;
				CLANG_ENABLE_OBJC_ARC = YES;
				CLANG_WARN_BOOL_CONVERSION = YES;
				CLANG_WARN_CONSTANT_CONVERSION = YES;
				CLANG_WARN_DIRECT_OBJC_ISA_USAGE = YES_ERROR;
				CLANG_WARN_EMPTY_BODY = YES;
				CLANG_WARN_ENUM_CONVERSION = YES;
				CLANG_WARN_INT_CONVERSION = YES;
				CLANG_WARN_OBJC_ROOT_CLASS = YES_ERROR;
				CLANG_WARN__DUPLICATE_METHOD_MATCH = YES;
				"CODE_SIGN_IDENTITY[sdk=iphoneos*]" = "iPhone Developer";
				COPY_PHASE_STRIP = NO;
				GCC_C_LANGUAGE_STANDARD = gnu99;
				GCC_DYNAMIC_NO_PIC = NO;
				GCC_OPTIMIZATION_LEVEL = 0;
				GCC_PREPROCESSOR_DEFINITIONS = (
					"DEBUG=1",
					"$(inherited)",
				);
				GCC_SYMBOLS_PRIVATE_EXTERN = NO;
				GCC_WARN_64_TO_32_BIT_CONVERSION = YES;
				GCC_WARN_ABOUT_RETURN_TYPE = YES_ERROR;
				GCC_WARN_UNDECLARED_SELECTOR = YES;
				GCC_WARN_UNINITIALIZED_AUTOS = YES;
				GCC_WARN_UNUSED_FUNCTION = YES;
				GCC_WARN_UNUSED_VARIABLE = YES;
				IPHONEOS_DEPLOYMENT_TARGET = 7.0;
				ONLY_ACTIVE_ARCH = YES;
				SDKROOT = iphoneos;
				TARGETED_DEVICE_FAMILY = "1,2";
			};
			name = Debug;
		};
		A8D113DE181EBE31001385FE /* Release */ = {
			isa = XCBuildConfiguration;
			buildSettings = {
				ALWAYS_SEARCH_USER_PATHS = NO;
				ARCHS = "$(ARCHS_STANDARD_INCLUDING_64_BIT)";
				CLANG_CXX_LANGUAGE_STANDARD = "gnu++0x";
				CLANG_CXX_LIBRARY = "libc++";
				CLANG_ENABLE_MODULES = YES;
				CLANG_ENABLE_OBJC_ARC = YES;
				CLANG_WARN_BOOL_CONVERSION = YES;
				CLANG_WARN_CONSTANT_CONVERSION = YES;
				CLANG_WARN_DIRECT_OBJC_ISA_USAGE = YES_ERROR;
				CLANG_WARN_EMPTY_BODY = YES;
				CLANG_WARN_ENUM_CONVERSION = YES;
				CLANG_WARN_INT_CONVERSION = YES;
				CLANG_WARN_OBJC_ROOT_CLASS = YES_ERROR;
				CLANG_WARN__DUPLICATE_METHOD_MATCH = YES;
				"CODE_SIGN_IDENTITY[sdk=iphoneos*]" = "iPhone Developer";
				COPY_PHASE_STRIP = YES;
				ENABLE_NS_ASSERTIONS = NO;
				GCC_C_LANGUAGE_STANDARD = gnu99;
				GCC_WARN_64_TO_32_BIT_CONVERSION = YES;
				GCC_WARN_ABOUT_RETURN_TYPE = YES_ERROR;
				GCC_WARN_UNDECLARED_SELECTOR = YES;
				GCC_WARN_UNINITIALIZED_AUTOS = YES;
				GCC_WARN_UNUSED_FUNCTION = YES;
				GCC_WARN_UNUSED_VARIABLE = YES;
				IPHONEOS_DEPLOYMENT_TARGET = 7.0;
				SDKROOT = iphoneos;
				TARGETED_DEVICE_FAMILY = "1,2";
				VALIDATE_PRODUCT = YES;
			};
			name = Release;
		};
		A8D113E0181EBE31001385FE /* Debug */ = {
			isa = XCBuildConfiguration;
			buildSettings = {
				ASSETCATALOG_COMPILER_APPICON_NAME = AppIcon;
				ASSETCATALOG_COMPILER_LAUNCHIMAGE_NAME = LaunchImage;
				CLANG_ENABLE_OBJC_ARC = NO;
				CODE_SIGN_IDENTITY = "iPhone Developer";
				"CODE_SIGN_IDENTITY[sdk=iphoneos*]" = "iPhone Developer";
				GCC_INCREASE_PRECOMPILED_HEADER_SHARING = YES;
				GCC_PRECOMPILE_PREFIX_HEADER = YES;
				GCC_PREFIX_HEADER = "up/up-Prefix.pch";
				INFOPLIST_FILE = "up/up-Info.plist";
				IPHONEOS_DEPLOYMENT_TARGET = 6.0;
				OTHER_LDFLAGS = "";
				PRODUCT_NAME = "$(TARGET_NAME)";
				PROVISIONING_PROFILE = "";
				TARGETED_DEVICE_FAMILY = 1;
				WRAPPER_EXTENSION = app;
			};
			name = Debug;
		};
		A8D113E1181EBE31001385FE /* Release */ = {
			isa = XCBuildConfiguration;
			buildSettings = {
				ASSETCATALOG_COMPILER_APPICON_NAME = AppIcon;
				ASSETCATALOG_COMPILER_LAUNCHIMAGE_NAME = LaunchImage;
				CLANG_ENABLE_OBJC_ARC = NO;
				CODE_SIGN_IDENTITY = "iPhone Developer";
				"CODE_SIGN_IDENTITY[sdk=iphoneos*]" = "iPhone Developer";
				GCC_INCREASE_PRECOMPILED_HEADER_SHARING = YES;
				GCC_PRECOMPILE_PREFIX_HEADER = YES;
				GCC_PREFIX_HEADER = "up/up-Prefix.pch";
				INFOPLIST_FILE = "up/up-Info.plist";
				IPHONEOS_DEPLOYMENT_TARGET = 6.0;
				OTHER_LDFLAGS = "";
				PRODUCT_NAME = "$(TARGET_NAME)";
				PROVISIONING_PROFILE = "";
				TARGETED_DEVICE_FAMILY = 1;
				WRAPPER_EXTENSION = app;
			};
			name = Release;
		};
		A8D113E3181EBE31001385FE /* Debug */ = {
			isa = XCBuildConfiguration;
			buildSettings = {
				ARCHS = "$(ARCHS_STANDARD_INCLUDING_64_BIT)";
				BUNDLE_LOADER = "$(BUILT_PRODUCTS_DIR)/up.app/up";
				FRAMEWORK_SEARCH_PATHS = (
					"$(SDKROOT)/Developer/Library/Frameworks",
					"$(inherited)",
					"$(DEVELOPER_FRAMEWORKS_DIR)",
				);
				GCC_PRECOMPILE_PREFIX_HEADER = YES;
				GCC_PREFIX_HEADER = "up/up-Prefix.pch";
				GCC_PREPROCESSOR_DEFINITIONS = (
					"DEBUG=1",
					"$(inherited)",
				);
				INFOPLIST_FILE = "upTests/upTests-Info.plist";
				PRODUCT_NAME = "$(TARGET_NAME)";
				TEST_HOST = "$(BUNDLE_LOADER)";
				WRAPPER_EXTENSION = xctest;
			};
			name = Debug;
		};
		A8D113E4181EBE31001385FE /* Release */ = {
			isa = XCBuildConfiguration;
			buildSettings = {
				ARCHS = "$(ARCHS_STANDARD_INCLUDING_64_BIT)";
				BUNDLE_LOADER = "$(BUILT_PRODUCTS_DIR)/up.app/up";
				FRAMEWORK_SEARCH_PATHS = (
					"$(SDKROOT)/Developer/Library/Frameworks",
					"$(inherited)",
					"$(DEVELOPER_FRAMEWORKS_DIR)",
				);
				GCC_PRECOMPILE_PREFIX_HEADER = YES;
				GCC_PREFIX_HEADER = "up/up-Prefix.pch";
				INFOPLIST_FILE = "upTests/upTests-Info.plist";
				PRODUCT_NAME = "$(TARGET_NAME)";
				TEST_HOST = "$(BUNDLE_LOADER)";
				WRAPPER_EXTENSION = xctest;
			};
			name = Release;
		};
/* End XCBuildConfiguration section */

/* Begin XCConfigurationList section */
		A8D113A5181EBE31001385FE /* Build configuration list for PBXProject "up" */ = {
			isa = XCConfigurationList;
			buildConfigurations = (
				A8D113DD181EBE31001385FE /* Debug */,
				A8D113DE181EBE31001385FE /* Release */,
			);
			defaultConfigurationIsVisible = 0;
			defaultConfigurationName = Release;
		};
		A8D113DF181EBE31001385FE /* Build configuration list for PBXNativeTarget "up" */ = {
			isa = XCConfigurationList;
			buildConfigurations = (
				A8D113E0181EBE31001385FE /* Debug */,
				A8D113E1181EBE31001385FE /* Release */,
			);
			defaultConfigurationIsVisible = 0;
			defaultConfigurationName = Release;
		};
		A8D113E2181EBE31001385FE /* Build configuration list for PBXNativeTarget "upTests" */ = {
			isa = XCConfigurationList;
			buildConfigurations = (
				A8D113E3181EBE31001385FE /* Debug */,
				A8D113E4181EBE31001385FE /* Release */,
			);
			defaultConfigurationIsVisible = 0;
			defaultConfigurationName = Release;
		};
/* End XCConfigurationList section */
	};
	rootObject = A8D113A2181EBE31001385FE /* Project object */;
}
