// !$*UTF8*$!
{
	archiveVersion = 1;
	classes = {
	};
	objectVersion = 46;
	objects = {

/* Begin PBXBuildFile section */
		A83C9BED182C07A200D8F644 /* QuartzCore.framework in Frameworks */ = {isa = PBXBuildFile; fileRef = A83C9BEC182C07A200D8F644 /* QuartzCore.framework */; };
		A83C9BF0182C0B0600D8F644 /* UPFirstPageLoginOrEnrollViewController.m in Sources */ = {isa = PBXBuildFile; fileRef = A83C9BEF182C0B0600D8F644 /* UPFirstPageLoginOrEnrollViewController.m */; };
		A83C9BF3182C0F4500D8F644 /* UPSecondPageLoginOrEnrollViewController.m in Sources */ = {isa = PBXBuildFile; fileRef = A83C9BF2182C0F4500D8F644 /* UPSecondPageLoginOrEnrollViewController.m */; };
		A8659847182D42CF0099C965 /* UPOptionalUsernameViewController.m in Sources */ = {isa = PBXBuildFile; fileRef = A8659846182D42CF0099C965 /* UPOptionalUsernameViewController.m */; };
		A868318F18281BE0005D4375 /* Localizable.strings in Resources */ = {isa = PBXBuildFile; fileRef = A868319118281BE0005D4375 /* Localizable.strings */; };
		A868319718281CE2005D4375 /* UPCommonInitMethod.m in Sources */ = {isa = PBXBuildFile; fileRef = A868319618281CE2005D4375 /* UPCommonInitMethod.m */; };
		A868319E1828A334005D4375 /* UPSearchViewController.m in Sources */ = {isa = PBXBuildFile; fileRef = A868319D1828A334005D4375 /* UPSearchViewController.m */; };
		A86831A41828ABFC005D4375 /* UPIndexScrollViewController.m in Sources */ = {isa = PBXBuildFile; fileRef = A86831A31828ABFC005D4375 /* UPIndexScrollViewController.m */; };
		A86831A71828AD5E005D4375 /* UPMoreSearchViewController.m in Sources */ = {isa = PBXBuildFile; fileRef = A86831A61828AD5E005D4375 /* UPMoreSearchViewController.m */; };
		A880B43C182BD3850055B6DC /* UPTextField.m in Sources */ = {isa = PBXBuildFile; fileRef = A880B43B182BD3850055B6DC /* UPTextField.m */; };
		A880B43F182BE6520055B6DC /* UPLoginOrEnrollViewControllerBase.m in Sources */ = {isa = PBXBuildFile; fileRef = A880B43E182BE6520055B6DC /* UPLoginOrEnrollViewControllerBase.m */; };
		A880B442182BF11A0055B6DC /* UPCommonHelper.m in Sources */ = {isa = PBXBuildFile; fileRef = A880B441182BF11A0055B6DC /* UPCommonHelper.m */; };
		A8906E261821938C00F0D3B8 /* libsqlite3.dylib in Frameworks */ = {isa = PBXBuildFile; fileRef = A8906E251821938C00F0D3B8 /* libsqlite3.dylib */; };
		A8906E291821954000F0D3B8 /* UPSearchResultManager.m in Sources */ = {isa = PBXBuildFile; fileRef = A8906DF31821906000F0D3B8 /* UPSearchResultManager.m */; };
		A8906E2A1821954000F0D3B8 /* UPSearchBar.m in Sources */ = {isa = PBXBuildFile; fileRef = A83F644B18201CE700F41481 /* UPSearchBar.m */; };
		A8906E2B1821954000F0D3B8 /* FMDatabase.m in Sources */ = {isa = PBXBuildFile; fileRef = A8906E10182190B100F0D3B8 /* FMDatabase.m */; };
		A8906E2C1821954000F0D3B8 /* FMDatabase+InMemoryOnDiskIO.m in Sources */ = {isa = PBXBuildFile; fileRef = A8906E12182190B100F0D3B8 /* FMDatabase+InMemoryOnDiskIO.m */; };
		A8906E2D1821954000F0D3B8 /* FMDatabaseAdditions.m in Sources */ = {isa = PBXBuildFile; fileRef = A8906E14182190B100F0D3B8 /* FMDatabaseAdditions.m */; };
		A8906E2E1821954000F0D3B8 /* FMDatabasePool.m in Sources */ = {isa = PBXBuildFile; fileRef = A8906E16182190B100F0D3B8 /* FMDatabasePool.m */; };
		A8906E2F1821954000F0D3B8 /* FMDatabaseQueue.m in Sources */ = {isa = PBXBuildFile; fileRef = A8906E18182190B100F0D3B8 /* FMDatabaseQueue.m */; };
		A8906E311821954000F0D3B8 /* FMResultSet.m in Sources */ = {isa = PBXBuildFile; fileRef = A8906E1B182190B100F0D3B8 /* FMResultSet.m */; };
		A8D113AE181EBE31001385FE /* Foundation.framework in Frameworks */ = {isa = PBXBuildFile; fileRef = A8D113AD181EBE31001385FE /* Foundation.framework */; };
		A8D113B0181EBE31001385FE /* CoreGraphics.framework in Frameworks */ = {isa = PBXBuildFile; fileRef = A8D113AF181EBE31001385FE /* CoreGraphics.framework */; };
		A8D113B2181EBE31001385FE /* UIKit.framework in Frameworks */ = {isa = PBXBuildFile; fileRef = A8D113B1181EBE31001385FE /* UIKit.framework */; };
		A8D113B8181EBE31001385FE /* InfoPlist.strings in Resources */ = {isa = PBXBuildFile; fileRef = A8D113B6181EBE31001385FE /* InfoPlist.strings */; };
		A8D113C9181EBE31001385FE /* Images.xcassets in Resources */ = {isa = PBXBuildFile; fileRef = A8D113C8181EBE31001385FE /* Images.xcassets */; };
		A8D113D0181EBE31001385FE /* XCTest.framework in Frameworks */ = {isa = PBXBuildFile; fileRef = A8D113CF181EBE31001385FE /* XCTest.framework */; };
		A8D113D1181EBE31001385FE /* Foundation.framework in Frameworks */ = {isa = PBXBuildFile; fileRef = A8D113AD181EBE31001385FE /* Foundation.framework */; };
		A8D113D2181EBE31001385FE /* UIKit.framework in Frameworks */ = {isa = PBXBuildFile; fileRef = A8D113B1181EBE31001385FE /* UIKit.framework */; };
		A8D113DA181EBE31001385FE /* InfoPlist.strings in Resources */ = {isa = PBXBuildFile; fileRef = A8D113D8181EBE31001385FE /* InfoPlist.strings */; };
		A8D113DC181EBE31001385FE /* upTests.m in Sources */ = {isa = PBXBuildFile; fileRef = A8D113DB181EBE31001385FE /* upTests.m */; };
		A8D701F91824CFBB0065C8BF /* main.m in Sources */ = {isa = PBXBuildFile; fileRef = A8D113B9181EBE31001385FE /* main.m */; };
		A8D701FA1824CFC40065C8BF /* UPAppDelegate.m in Sources */ = {isa = PBXBuildFile; fileRef = A83F645418201DB300F41481 /* UPAppDelegate.m */; };
		A8D7020F182512460065C8BF /* AFHTTPRequestOperation.m in Sources */ = {isa = PBXBuildFile; fileRef = A8D701FD182512460065C8BF /* AFHTTPRequestOperation.m */; settings = {COMPILER_FLAGS = "-fobjc-arc"; }; };
		A8D70210182512460065C8BF /* AFHTTPRequestOperationManager.m in Sources */ = {isa = PBXBuildFile; fileRef = A8D701FF182512460065C8BF /* AFHTTPRequestOperationManager.m */; settings = {COMPILER_FLAGS = "-fobjc-arc"; }; };
		A8D70211182512460065C8BF /* AFHTTPSessionManager.m in Sources */ = {isa = PBXBuildFile; fileRef = A8D70201182512460065C8BF /* AFHTTPSessionManager.m */; settings = {COMPILER_FLAGS = "-fobjc-arc"; }; };
		A8D70212182512460065C8BF /* AFNetworkReachabilityManager.m in Sources */ = {isa = PBXBuildFile; fileRef = A8D70204182512460065C8BF /* AFNetworkReachabilityManager.m */; settings = {COMPILER_FLAGS = "-fobjc-arc"; }; };
		A8D70213182512460065C8BF /* AFSecurityPolicy.m in Sources */ = {isa = PBXBuildFile; fileRef = A8D70206182512460065C8BF /* AFSecurityPolicy.m */; settings = {COMPILER_FLAGS = "-fobjc-arc"; }; };
		A8D70214182512460065C8BF /* AFURLConnectionOperation.m in Sources */ = {isa = PBXBuildFile; fileRef = A8D70208182512460065C8BF /* AFURLConnectionOperation.m */; settings = {COMPILER_FLAGS = "-fobjc-arc"; }; };
		A8D70215182512460065C8BF /* AFURLRequestSerialization.m in Sources */ = {isa = PBXBuildFile; fileRef = A8D7020A182512460065C8BF /* AFURLRequestSerialization.m */; settings = {COMPILER_FLAGS = "-fobjc-arc"; }; };
		A8D70216182512460065C8BF /* AFURLResponseSerialization.m in Sources */ = {isa = PBXBuildFile; fileRef = A8D7020C182512460065C8BF /* AFURLResponseSerialization.m */; settings = {COMPILER_FLAGS = "-fobjc-arc"; }; };
		A8D70217182512460065C8BF /* AFURLSessionManager.m in Sources */ = {isa = PBXBuildFile; fileRef = A8D7020E182512460065C8BF /* AFURLSessionManager.m */; settings = {COMPILER_FLAGS = "-fobjc-arc"; }; };
/* End PBXBuildFile section */

/* Begin PBXContainerItemProxy section */
		A8D113D3181EBE31001385FE /* PBXContainerItemProxy */ = {
			isa = PBXContainerItemProxy;
			containerPortal = A8D113A2181EBE31001385FE /* Project object */;
			proxyType = 1;
			remoteGlobalIDString = A8D113A9181EBE31001385FE;
			remoteInfo = up;
		};
/* End PBXContainerItemProxy section */

/* Begin PBXFileReference section */
		A83C9BEC182C07A200D8F644 /* QuartzCore.framework */ = {isa = PBXFileReference; lastKnownFileType = wrapper.framework; name = QuartzCore.framework; path = System/Library/Frameworks/QuartzCore.framework; sourceTree = SDKROOT; };
		A83C9BEE182C0B0600D8F644 /* UPFirstPageLoginOrEnrollViewController.h */ = {isa = PBXFileReference; fileEncoding = 4; lastKnownFileType = sourcecode.c.h; path = UPFirstPageLoginOrEnrollViewController.h; sourceTree = "<group>"; };
		A83C9BEF182C0B0600D8F644 /* UPFirstPageLoginOrEnrollViewController.m */ = {isa = PBXFileReference; fileEncoding = 4; lastKnownFileType = sourcecode.c.objc; path = UPFirstPageLoginOrEnrollViewController.m; sourceTree = "<group>"; };
		A83C9BF1182C0F4500D8F644 /* UPSecondPageLoginOrEnrollViewController.h */ = {isa = PBXFileReference; fileEncoding = 4; lastKnownFileType = sourcecode.c.h; path = UPSecondPageLoginOrEnrollViewController.h; sourceTree = "<group>"; };
		A83C9BF2182C0F4500D8F644 /* UPSecondPageLoginOrEnrollViewController.m */ = {isa = PBXFileReference; fileEncoding = 4; lastKnownFileType = sourcecode.c.objc; path = UPSecondPageLoginOrEnrollViewController.m; sourceTree = "<group>"; };
		A83F597D182A976B00F3405A /* CommonNotification.h */ = {isa = PBXFileReference; lastKnownFileType = sourcecode.c.h; path = CommonNotification.h; sourceTree = "<group>"; };
		A83F644A18201CE700F41481 /* UPSearchBar.h */ = {isa = PBXFileReference; fileEncoding = 4; lastKnownFileType = sourcecode.c.h; path = UPSearchBar.h; sourceTree = "<group>"; };
		A83F644B18201CE700F41481 /* UPSearchBar.m */ = {isa = PBXFileReference; fileEncoding = 4; lastKnownFileType = sourcecode.c.objc; path = UPSearchBar.m; sourceTree = "<group>"; };
		A83F645318201DB300F41481 /* UPAppDelegate.h */ = {isa = PBXFileReference; fileEncoding = 4; lastKnownFileType = sourcecode.c.h; path = UPAppDelegate.h; sourceTree = "<group>"; };
		A83F645418201DB300F41481 /* UPAppDelegate.m */ = {isa = PBXFileReference; fileEncoding = 4; lastKnownFileType = sourcecode.c.objc; path = UPAppDelegate.m; sourceTree = "<group>"; };
		A8659845182D42CF0099C965 /* UPOptionalUsernameViewController.h */ = {isa = PBXFileReference; fileEncoding = 4; lastKnownFileType = sourcecode.c.h; path = UPOptionalUsernameViewController.h; sourceTree = "<group>"; };
		A8659846182D42CF0099C965 /* UPOptionalUsernameViewController.m */ = {isa = PBXFileReference; fileEncoding = 4; lastKnownFileType = sourcecode.c.objc; path = UPOptionalUsernameViewController.m; sourceTree = "<group>"; };
		A868318B18281053005D4375 /* CommonDefine.h */ = {isa = PBXFileReference; lastKnownFileType = sourcecode.c.h; path = CommonDefine.h; sourceTree = "<group>"; };
		A868319018281BE0005D4375 /* en */ = {isa = PBXFileReference; lastKnownFileType = text.plist.strings; name = en; path = en.lproj/Localizable.strings; sourceTree = "<group>"; };
		A868319218281C3F005D4375 /* zh-Hans */ = {isa = PBXFileReference; lastKnownFileType = text.plist.strings; name = "zh-Hans"; path = "zh-Hans.lproj/Localizable.strings"; sourceTree = "<group>"; };
		A868319318281C3F005D4375 /* zh-Hans */ = {isa = PBXFileReference; lastKnownFileType = text.plist.strings; name = "zh-Hans"; path = "zh-Hans.lproj/InfoPlist.strings"; sourceTree = "<group>"; };
		A868319418281C3F005D4375 /* zh-Hans */ = {isa = PBXFileReference; lastKnownFileType = text.plist.strings; name = "zh-Hans"; path = "zh-Hans.lproj/InfoPlist.strings"; sourceTree = "<group>"; };
		A868319518281CE2005D4375 /* UPCommonInitMethod.h */ = {isa = PBXFileReference; fileEncoding = 4; lastKnownFileType = sourcecode.c.h; path = UPCommonInitMethod.h; sourceTree = "<group>"; };
		A868319618281CE2005D4375 /* UPCommonInitMethod.m */ = {isa = PBXFileReference; fileEncoding = 4; lastKnownFileType = sourcecode.c.objc; path = UPCommonInitMethod.m; sourceTree = "<group>"; };
		A868319B18282E3F005D4375 /* LocalizedName.h */ = {isa = PBXFileReference; lastKnownFileType = sourcecode.c.h; path = LocalizedName.h; sourceTree = "<group>"; };
		A868319C1828A334005D4375 /* UPSearchViewController.h */ = {isa = PBXFileReference; fileEncoding = 4; lastKnownFileType = sourcecode.c.h; path = UPSearchViewController.h; sourceTree = "<group>"; };
		A868319D1828A334005D4375 /* UPSearchViewController.m */ = {isa = PBXFileReference; fileEncoding = 4; lastKnownFileType = sourcecode.c.objc; path = UPSearchViewController.m; sourceTree = "<group>"; };
		A86831A21828ABFC005D4375 /* UPIndexScrollViewController.h */ = {isa = PBXFileReference; fileEncoding = 4; lastKnownFileType = sourcecode.c.h; path = UPIndexScrollViewController.h; sourceTree = "<group>"; };
		A86831A31828ABFC005D4375 /* UPIndexScrollViewController.m */ = {isa = PBXFileReference; fileEncoding = 4; lastKnownFileType = sourcecode.c.objc; path = UPIndexScrollViewController.m; sourceTree = "<group>"; };
		A86831A51828AD5E005D4375 /* UPMoreSearchViewController.h */ = {isa = PBXFileReference; fileEncoding = 4; lastKnownFileType = sourcecode.c.h; path = UPMoreSearchViewController.h; sourceTree = "<group>"; };
		A86831A61828AD5E005D4375 /* UPMoreSearchViewController.m */ = {isa = PBXFileReference; fileEncoding = 4; lastKnownFileType = sourcecode.c.objc; path = UPMoreSearchViewController.m; sourceTree = "<group>"; };
		A880B43A182BD3850055B6DC /* UPTextField.h */ = {isa = PBXFileReference; fileEncoding = 4; lastKnownFileType = sourcecode.c.h; path = UPTextField.h; sourceTree = "<group>"; };
		A880B43B182BD3850055B6DC /* UPTextField.m */ = {isa = PBXFileReference; fileEncoding = 4; lastKnownFileType = sourcecode.c.objc; path = UPTextField.m; sourceTree = "<group>"; };
		A880B43D182BE6510055B6DC /* UPLoginOrEnrollViewControllerBase.h */ = {isa = PBXFileReference; fileEncoding = 4; lastKnownFileType = sourcecode.c.h; path = UPLoginOrEnrollViewControllerBase.h; sourceTree = "<group>"; };
		A880B43E182BE6520055B6DC /* UPLoginOrEnrollViewControllerBase.m */ = {isa = PBXFileReference; fileEncoding = 4; lastKnownFileType = sourcecode.c.objc; path = UPLoginOrEnrollViewControllerBase.m; sourceTree = "<group>"; };
		A880B440182BF11A0055B6DC /* UPCommonHelper.h */ = {isa = PBXFileReference; fileEncoding = 4; lastKnownFileType = sourcecode.c.h; path = UPCommonHelper.h; sourceTree = "<group>"; };
		A880B441182BF11A0055B6DC /* UPCommonHelper.m */ = {isa = PBXFileReference; fileEncoding = 4; lastKnownFileType = sourcecode.c.objc; path = UPCommonHelper.m; sourceTree = "<group>"; };
		A8906DF21821906000F0D3B8 /* UPSearchResultManager.h */ = {isa = PBXFileReference; fileEncoding = 4; lastKnownFileType = sourcecode.c.h; path = UPSearchResultManager.h; sourceTree = "<group>"; };
		A8906DF31821906000F0D3B8 /* UPSearchResultManager.m */ = {isa = PBXFileReference; fileEncoding = 4; lastKnownFileType = sourcecode.c.objc; path = UPSearchResultManager.m; sourceTree = "<group>"; };
		A8906E0F182190B100F0D3B8 /* FMDatabase.h */ = {isa = PBXFileReference; fileEncoding = 4; lastKnownFileType = sourcecode.c.h; path = FMDatabase.h; sourceTree = "<group>"; };
		A8906E10182190B100F0D3B8 /* FMDatabase.m */ = {isa = PBXFileReference; fileEncoding = 4; lastKnownFileType = sourcecode.c.objc; path = FMDatabase.m; sourceTree = "<group>"; };
		A8906E11182190B100F0D3B8 /* FMDatabase+InMemoryOnDiskIO.h */ = {isa = PBXFileReference; fileEncoding = 4; lastKnownFileType = sourcecode.c.h; path = "FMDatabase+InMemoryOnDiskIO.h"; sourceTree = "<group>"; };
		A8906E12182190B100F0D3B8 /* FMDatabase+InMemoryOnDiskIO.m */ = {isa = PBXFileReference; fileEncoding = 4; lastKnownFileType = sourcecode.c.objc; path = "FMDatabase+InMemoryOnDiskIO.m"; sourceTree = "<group>"; };
		A8906E13182190B100F0D3B8 /* FMDatabaseAdditions.h */ = {isa = PBXFileReference; fileEncoding = 4; lastKnownFileType = sourcecode.c.h; path = FMDatabaseAdditions.h; sourceTree = "<group>"; };
		A8906E14182190B100F0D3B8 /* FMDatabaseAdditions.m */ = {isa = PBXFileReference; fileEncoding = 4; lastKnownFileType = sourcecode.c.objc; path = FMDatabaseAdditions.m; sourceTree = "<group>"; };
		A8906E15182190B100F0D3B8 /* FMDatabasePool.h */ = {isa = PBXFileReference; fileEncoding = 4; lastKnownFileType = sourcecode.c.h; path = FMDatabasePool.h; sourceTree = "<group>"; };
		A8906E16182190B100F0D3B8 /* FMDatabasePool.m */ = {isa = PBXFileReference; fileEncoding = 4; lastKnownFileType = sourcecode.c.objc; path = FMDatabasePool.m; sourceTree = "<group>"; };
		A8906E17182190B100F0D3B8 /* FMDatabaseQueue.h */ = {isa = PBXFileReference; fileEncoding = 4; lastKnownFileType = sourcecode.c.h; path = FMDatabaseQueue.h; sourceTree = "<group>"; };
		A8906E18182190B100F0D3B8 /* FMDatabaseQueue.m */ = {isa = PBXFileReference; fileEncoding = 4; lastKnownFileType = sourcecode.c.objc; path = FMDatabaseQueue.m; sourceTree = "<group>"; };
		A8906E19182190B100F0D3B8 /* fmdb.m */ = {isa = PBXFileReference; fileEncoding = 4; lastKnownFileType = sourcecode.c.objc; path = fmdb.m; sourceTree = "<group>"; };
		A8906E1A182190B100F0D3B8 /* FMResultSet.h */ = {isa = PBXFileReference; fileEncoding = 4; lastKnownFileType = sourcecode.c.h; path = FMResultSet.h; sourceTree = "<group>"; };
		A8906E1B182190B100F0D3B8 /* FMResultSet.m */ = {isa = PBXFileReference; fileEncoding = 4; lastKnownFileType = sourcecode.c.objc; path = FMResultSet.m; sourceTree = "<group>"; };
		A8906E231821916A00F0D3B8 /* libsqlite3.0.dylib */ = {isa = PBXFileReference; lastKnownFileType = "compiled.mach-o.dylib"; name = libsqlite3.0.dylib; path = usr/lib/libsqlite3.0.dylib; sourceTree = SDKROOT; };
		A8906E251821938C00F0D3B8 /* libsqlite3.dylib */ = {isa = PBXFileReference; lastKnownFileType = "compiled.mach-o.dylib"; name = libsqlite3.dylib; path = usr/lib/libsqlite3.dylib; sourceTree = SDKROOT; };
		A8D113AA181EBE31001385FE /* up.app */ = {isa = PBXFileReference; explicitFileType = wrapper.application; includeInIndex = 0; path = up.app; sourceTree = BUILT_PRODUCTS_DIR; };
		A8D113AD181EBE31001385FE /* Foundation.framework */ = {isa = PBXFileReference; lastKnownFileType = wrapper.framework; name = Foundation.framework; path = System/Library/Frameworks/Foundation.framework; sourceTree = SDKROOT; };
		A8D113AF181EBE31001385FE /* CoreGraphics.framework */ = {isa = PBXFileReference; lastKnownFileType = wrapper.framework; name = CoreGraphics.framework; path = System/Library/Frameworks/CoreGraphics.framework; sourceTree = SDKROOT; };
		A8D113B1181EBE31001385FE /* UIKit.framework */ = {isa = PBXFileReference; lastKnownFileType = wrapper.framework; name = UIKit.framework; path = System/Library/Frameworks/UIKit.framework; sourceTree = SDKROOT; };
		A8D113B5181EBE31001385FE /* up-Info.plist */ = {isa = PBXFileReference; lastKnownFileType = text.plist.xml; path = "up-Info.plist"; sourceTree = "<group>"; };
		A8D113B7181EBE31001385FE /* en */ = {isa = PBXFileReference; lastKnownFileType = text.plist.strings; name = en; path = en.lproj/InfoPlist.strings; sourceTree = "<group>"; };
		A8D113B9181EBE31001385FE /* main.m */ = {isa = PBXFileReference; lastKnownFileType = sourcecode.c.objc; path = main.m; sourceTree = "<group>"; };
		A8D113BB181EBE31001385FE /* up-Prefix.pch */ = {isa = PBXFileReference; lastKnownFileType = sourcecode.c.h; path = "up-Prefix.pch"; sourceTree = "<group>"; };
		A8D113C8181EBE31001385FE /* Images.xcassets */ = {isa = PBXFileReference; lastKnownFileType = folder.assetcatalog; name = Images.xcassets; path = ../Images.xcassets; sourceTree = "<group>"; };
		A8D113CE181EBE31001385FE /* upTests.xctest */ = {isa = PBXFileReference; explicitFileType = wrapper.cfbundle; includeInIndex = 0; path = upTests.xctest; sourceTree = BUILT_PRODUCTS_DIR; };
		A8D113CF181EBE31001385FE /* XCTest.framework */ = {isa = PBXFileReference; lastKnownFileType = wrapper.framework; name = XCTest.framework; path = Library/Frameworks/XCTest.framework; sourceTree = DEVELOPER_DIR; };
		A8D113D7181EBE31001385FE /* upTests-Info.plist */ = {isa = PBXFileReference; lastKnownFileType = text.plist.xml; path = "upTests-Info.plist"; sourceTree = "<group>"; };
		A8D113D9181EBE31001385FE /* en */ = {isa = PBXFileReference; lastKnownFileType = text.plist.strings; name = en; path = en.lproj/InfoPlist.strings; sourceTree = "<group>"; };
		A8D113DB181EBE31001385FE /* upTests.m */ = {isa = PBXFileReference; lastKnownFileType = sourcecode.c.objc; path = upTests.m; sourceTree = "<group>"; };
		A8D701FC182512460065C8BF /* AFHTTPRequestOperation.h */ = {isa = PBXFileReference; fileEncoding = 4; lastKnownFileType = sourcecode.c.h; path = AFHTTPRequestOperation.h; sourceTree = "<group>"; };
		A8D701FD182512460065C8BF /* AFHTTPRequestOperation.m */ = {isa = PBXFileReference; fileEncoding = 4; lastKnownFileType = sourcecode.c.objc; path = AFHTTPRequestOperation.m; sourceTree = "<group>"; };
		A8D701FE182512460065C8BF /* AFHTTPRequestOperationManager.h */ = {isa = PBXFileReference; fileEncoding = 4; lastKnownFileType = sourcecode.c.h; path = AFHTTPRequestOperationManager.h; sourceTree = "<group>"; };
		A8D701FF182512460065C8BF /* AFHTTPRequestOperationManager.m */ = {isa = PBXFileReference; fileEncoding = 4; lastKnownFileType = sourcecode.c.objc; path = AFHTTPRequestOperationManager.m; sourceTree = "<group>"; };
		A8D70200182512460065C8BF /* AFHTTPSessionManager.h */ = {isa = PBXFileReference; fileEncoding = 4; lastKnownFileType = sourcecode.c.h; path = AFHTTPSessionManager.h; sourceTree = "<group>"; };
		A8D70201182512460065C8BF /* AFHTTPSessionManager.m */ = {isa = PBXFileReference; fileEncoding = 4; lastKnownFileType = sourcecode.c.objc; path = AFHTTPSessionManager.m; sourceTree = "<group>"; };
		A8D70202182512460065C8BF /* AFNetworking.h */ = {isa = PBXFileReference; fileEncoding = 4; lastKnownFileType = sourcecode.c.h; path = AFNetworking.h; sourceTree = "<group>"; };
		A8D70203182512460065C8BF /* AFNetworkReachabilityManager.h */ = {isa = PBXFileReference; fileEncoding = 4; lastKnownFileType = sourcecode.c.h; path = AFNetworkReachabilityManager.h; sourceTree = "<group>"; };
		A8D70204182512460065C8BF /* AFNetworkReachabilityManager.m */ = {isa = PBXFileReference; fileEncoding = 4; lastKnownFileType = sourcecode.c.objc; path = AFNetworkReachabilityManager.m; sourceTree = "<group>"; };
		A8D70205182512460065C8BF /* AFSecurityPolicy.h */ = {isa = PBXFileReference; fileEncoding = 4; lastKnownFileType = sourcecode.c.h; path = AFSecurityPolicy.h; sourceTree = "<group>"; };
		A8D70206182512460065C8BF /* AFSecurityPolicy.m */ = {isa = PBXFileReference; fileEncoding = 4; lastKnownFileType = sourcecode.c.objc; path = AFSecurityPolicy.m; sourceTree = "<group>"; };
		A8D70207182512460065C8BF /* AFURLConnectionOperation.h */ = {isa = PBXFileReference; fileEncoding = 4; lastKnownFileType = sourcecode.c.h; path = AFURLConnectionOperation.h; sourceTree = "<group>"; };
		A8D70208182512460065C8BF /* AFURLConnectionOperation.m */ = {isa = PBXFileReference; fileEncoding = 4; lastKnownFileType = sourcecode.c.objc; path = AFURLConnectionOperation.m; sourceTree = "<group>"; };
		A8D70209182512460065C8BF /* AFURLRequestSerialization.h */ = {isa = PBXFileReference; fileEncoding = 4; lastKnownFileType = sourcecode.c.h; path = AFURLRequestSerialization.h; sourceTree = "<group>"; };
		A8D7020A182512460065C8BF /* AFURLRequestSerialization.m */ = {isa = PBXFileReference; fileEncoding = 4; lastKnownFileType = sourcecode.c.objc; path = AFURLRequestSerialization.m; sourceTree = "<group>"; };
		A8D7020B182512460065C8BF /* AFURLResponseSerialization.h */ = {isa = PBXFileReference; fileEncoding = 4; lastKnownFileType = sourcecode.c.h; path = AFURLResponseSerialization.h; sourceTree = "<group>"; };
		A8D7020C182512460065C8BF /* AFURLResponseSerialization.m */ = {isa = PBXFileReference; fileEncoding = 4; lastKnownFileType = sourcecode.c.objc; path = AFURLResponseSerialization.m; sourceTree = "<group>"; };
		A8D7020D182512460065C8BF /* AFURLSessionManager.h */ = {isa = PBXFileReference; fileEncoding = 4; lastKnownFileType = sourcecode.c.h; path = AFURLSessionManager.h; sourceTree = "<group>"; };
		A8D7020E182512460065C8BF /* AFURLSessionManager.m */ = {isa = PBXFileReference; fileEncoding = 4; lastKnownFileType = sourcecode.c.objc; path = AFURLSessionManager.m; sourceTree = "<group>"; };
		A8D7021C182563810065C8BF /* CommonURL.h */ = {isa = PBXFileReference; lastKnownFileType = sourcecode.c.h; path = CommonURL.h; sourceTree = "<group>"; };
/* End PBXFileReference section */

/* Begin PBXFrameworksBuildPhase section */
		A8D113A7181EBE31001385FE /* Frameworks */ = {
			isa = PBXFrameworksBuildPhase;
			buildActionMask = 2147483647;
			files = (
				A83C9BED182C07A200D8F644 /* QuartzCore.framework in Frameworks */,
				A8906E261821938C00F0D3B8 /* libsqlite3.dylib in Frameworks */,
				A8D113B0181EBE31001385FE /* CoreGraphics.framework in Frameworks */,
				A8D113B2181EBE31001385FE /* UIKit.framework in Frameworks */,
				A8D113AE181EBE31001385FE /* Foundation.framework in Frameworks */,
			);
			runOnlyForDeploymentPostprocessing = 0;
		};
		A8D113CB181EBE31001385FE /* Frameworks */ = {
			isa = PBXFrameworksBuildPhase;
			buildActionMask = 2147483647;
			files = (
				A8D113D0181EBE31001385FE /* XCTest.framework in Frameworks */,
				A8D113D2181EBE31001385FE /* UIKit.framework in Frameworks */,
				A8D113D1181EBE31001385FE /* Foundation.framework in Frameworks */,
			);
			runOnlyForDeploymentPostprocessing = 0;
		};
/* End PBXFrameworksBuildPhase section */

/* Begin PBXGroup section */
		A83F644818201CE700F41481 /* Common */ = {
			isa = PBXGroup;
			children = (
				A8D7021C182563810065C8BF /* CommonURL.h */,
				A868318B18281053005D4375 /* CommonDefine.h */,
				A868319518281CE2005D4375 /* UPCommonInitMethod.h */,
				A868319618281CE2005D4375 /* UPCommonInitMethod.m */,
				A868319B18282E3F005D4375 /* LocalizedName.h */,
				A83F597D182A976B00F3405A /* CommonNotification.h */,
				A880B440182BF11A0055B6DC /* UPCommonHelper.h */,
				A880B441182BF11A0055B6DC /* UPCommonHelper.m */,
			);
			path = Common;
			sourceTree = "<group>";
		};
		A83F644918201CE700F41481 /* Controls */ = {
			isa = PBXGroup;
			children = (
				A83F644A18201CE700F41481 /* UPSearchBar.h */,
				A83F644B18201CE700F41481 /* UPSearchBar.m */,
				A880B43A182BD3850055B6DC /* UPTextField.h */,
				A880B43B182BD3850055B6DC /* UPTextField.m */,
			);
			path = Controls;
			sourceTree = "<group>";
		};
		A83F644F18201CE700F41481 /* main */ = {
			isa = PBXGroup;
			children = (
				A83F645318201DB300F41481 /* UPAppDelegate.h */,
				A83F645418201DB300F41481 /* UPAppDelegate.m */,
				A86831A21828ABFC005D4375 /* UPIndexScrollViewController.h */,
				A86831A31828ABFC005D4375 /* UPIndexScrollViewController.m */,
			);
			path = main;
			sourceTree = "<group>";
		};
		A83F645018201CE700F41481 /* ThirdPart */ = {
			isa = PBXGroup;
			children = (
				A8D701FB182512460065C8BF /* AFNetworking */,
				A8906E0E1821909300F0D3B8 /* FMDB */,
			);
			path = ThirdPart;
			sourceTree = "<group>";
		};
		A868318C18281B5A005D4375 /* Resource */ = {
			isa = PBXGroup;
			children = (
				A8D113C8181EBE31001385FE /* Images.xcassets */,
				A868319118281BE0005D4375 /* Localizable.strings */,
			);
			path = Resource;
			sourceTree = "<group>";
		};
		A8906DF11821818B00F0D3B8 /* SearchPage */ = {
			isa = PBXGroup;
			children = (
				A8906DF21821906000F0D3B8 /* UPSearchResultManager.h */,
				A8906DF31821906000F0D3B8 /* UPSearchResultManager.m */,
				A868319C1828A334005D4375 /* UPSearchViewController.h */,
				A868319D1828A334005D4375 /* UPSearchViewController.m */,
				A86831A51828AD5E005D4375 /* UPMoreSearchViewController.h */,
				A86831A61828AD5E005D4375 /* UPMoreSearchViewController.m */,
			);
			path = SearchPage;
			sourceTree = "<group>";
		};
		A8906E0E1821909300F0D3B8 /* FMDB */ = {
			isa = PBXGroup;
			children = (
				A8906E0F182190B100F0D3B8 /* FMDatabase.h */,
				A8906E10182190B100F0D3B8 /* FMDatabase.m */,
				A8906E11182190B100F0D3B8 /* FMDatabase+InMemoryOnDiskIO.h */,
				A8906E12182190B100F0D3B8 /* FMDatabase+InMemoryOnDiskIO.m */,
				A8906E13182190B100F0D3B8 /* FMDatabaseAdditions.h */,
				A8906E14182190B100F0D3B8 /* FMDatabaseAdditions.m */,
				A8906E15182190B100F0D3B8 /* FMDatabasePool.h */,
				A8906E16182190B100F0D3B8 /* FMDatabasePool.m */,
				A8906E17182190B100F0D3B8 /* FMDatabaseQueue.h */,
				A8906E18182190B100F0D3B8 /* FMDatabaseQueue.m */,
				A8906E19182190B100F0D3B8 /* fmdb.m */,
				A8906E1A182190B100F0D3B8 /* FMResultSet.h */,
				A8906E1B182190B100F0D3B8 /* FMResultSet.m */,
			);
			path = FMDB;
			sourceTree = "<group>";
		};
		A8D113A1181EBE31001385FE = {
			isa = PBXGroup;
			children = (
				A8D113B3181EBE31001385FE /* up */,
				A8D113D5181EBE31001385FE /* upTests */,
				A8D113AC181EBE31001385FE /* Frameworks */,
				A8D113AB181EBE31001385FE /* Products */,
			);
			sourceTree = "<group>";
		};
		A8D113AB181EBE31001385FE /* Products */ = {
			isa = PBXGroup;
			children = (
				A8D113AA181EBE31001385FE /* up.app */,
				A8D113CE181EBE31001385FE /* upTests.xctest */,
			);
			name = Products;
			sourceTree = "<group>";
		};
		A8D113AC181EBE31001385FE /* Frameworks */ = {
			isa = PBXGroup;
			children = (
				A83C9BEC182C07A200D8F644 /* QuartzCore.framework */,
				A8906E251821938C00F0D3B8 /* libsqlite3.dylib */,
				A8906E231821916A00F0D3B8 /* libsqlite3.0.dylib */,
				A8D113AD181EBE31001385FE /* Foundation.framework */,
				A8D113AF181EBE31001385FE /* CoreGraphics.framework */,
				A8D113B1181EBE31001385FE /* UIKit.framework */,
				A8D113CF181EBE31001385FE /* XCTest.framework */,
			);
			name = Frameworks;
			sourceTree = "<group>";
		};
		A8D113B3181EBE31001385FE /* up */ = {
			isa = PBXGroup;
			children = (
				A8D70218182563420065C8BF /* LoginOrEnrollPage */,
				A8906DF11821818B00F0D3B8 /* SearchPage */,
				A83F644818201CE700F41481 /* Common */,
				A83F644918201CE700F41481 /* Controls */,
				A83F644F18201CE700F41481 /* main */,
				A83F645018201CE700F41481 /* ThirdPart */,
				A868318C18281B5A005D4375 /* Resource */,
				A8D113B4181EBE31001385FE /* Supporting Files */,
			);
			path = up;
			sourceTree = "<group>";
		};
		A8D113B4181EBE31001385FE /* Supporting Files */ = {
			isa = PBXGroup;
			children = (
				A8D113B5181EBE31001385FE /* up-Info.plist */,
				A8D113B6181EBE31001385FE /* InfoPlist.strings */,
				A8D113B9181EBE31001385FE /* main.m */,
				A8D113BB181EBE31001385FE /* up-Prefix.pch */,
			);
			name = "Supporting Files";
			sourceTree = "<group>";
		};
		A8D113D5181EBE31001385FE /* upTests */ = {
			isa = PBXGroup;
			children = (
				A8D113DB181EBE31001385FE /* upTests.m */,
				A8D113D6181EBE31001385FE /* Supporting Files */,
			);
			path = upTests;
			sourceTree = "<group>";
		};
		A8D113D6181EBE31001385FE /* Supporting Files */ = {
			isa = PBXGroup;
			children = (
				A8D113D7181EBE31001385FE /* upTests-Info.plist */,
				A8D113D8181EBE31001385FE /* InfoPlist.strings */,
			);
			name = "Supporting Files";
			sourceTree = "<group>";
		};
		A8D701FB182512460065C8BF /* AFNetworking */ = {
			isa = PBXGroup;
			children = (
				A8D701FC182512460065C8BF /* AFHTTPRequestOperation.h */,
				A8D701FD182512460065C8BF /* AFHTTPRequestOperation.m */,
				A8D701FE182512460065C8BF /* AFHTTPRequestOperationManager.h */,
				A8D701FF182512460065C8BF /* AFHTTPRequestOperationManager.m */,
				A8D70200182512460065C8BF /* AFHTTPSessionManager.h */,
				A8D70201182512460065C8BF /* AFHTTPSessionManager.m */,
				A8D70202182512460065C8BF /* AFNetworking.h */,
				A8D70203182512460065C8BF /* AFNetworkReachabilityManager.h */,
				A8D70204182512460065C8BF /* AFNetworkReachabilityManager.m */,
				A8D70205182512460065C8BF /* AFSecurityPolicy.h */,
				A8D70206182512460065C8BF /* AFSecurityPolicy.m */,
				A8D70207182512460065C8BF /* AFURLConnectionOperation.h */,
				A8D70208182512460065C8BF /* AFURLConnectionOperation.m */,
				A8D70209182512460065C8BF /* AFURLRequestSerialization.h */,
				A8D7020A182512460065C8BF /* AFURLRequestSerialization.m */,
				A8D7020B182512460065C8BF /* AFURLResponseSerialization.h */,
				A8D7020C182512460065C8BF /* AFURLResponseSerialization.m */,
				A8D7020D182512460065C8BF /* AFURLSessionManager.h */,
				A8D7020E182512460065C8BF /* AFURLSessionManager.m */,
			);
			path = AFNetworking;
			sourceTree = "<group>";
		};
		A8D70218182563420065C8BF /* LoginOrEnrollPage */ = {
			isa = PBXGroup;
			children = (
				A880B43D182BE6510055B6DC /* UPLoginOrEnrollViewControllerBase.h */,
				A880B43E182BE6520055B6DC /* UPLoginOrEnrollViewControllerBase.m */,
				A83C9BEE182C0B0600D8F644 /* UPFirstPageLoginOrEnrollViewController.h */,
				A83C9BEF182C0B0600D8F644 /* UPFirstPageLoginOrEnrollViewController.m */,
				A83C9BF1182C0F4500D8F644 /* UPSecondPageLoginOrEnrollViewController.h */,
				A83C9BF2182C0F4500D8F644 /* UPSecondPageLoginOrEnrollViewController.m */,
				A8659845182D42CF0099C965 /* UPOptionalUsernameViewController.h */,
				A8659846182D42CF0099C965 /* UPOptionalUsernameViewController.m */,
			);
			path = LoginOrEnrollPage;
			sourceTree = "<group>";
		};
/* End PBXGroup section */

/* Begin PBXNativeTarget section */
		A8D113A9181EBE31001385FE /* up */ = {
			isa = PBXNativeTarget;
			buildConfigurationList = A8D113DF181EBE31001385FE /* Build configuration list for PBXNativeTarget "up" */;
			buildPhases = (
				A8D113A6181EBE31001385FE /* Sources */,
				A8D113A7181EBE31001385FE /* Frameworks */,
				A8D113A8181EBE31001385FE /* Resources */,
			);
			buildRules = (
			);
			dependencies = (
			);
			name = up;
			productName = up;
			productReference = A8D113AA181EBE31001385FE /* up.app */;
			productType = "com.apple.product-type.application";
		};
		A8D113CD181EBE31001385FE /* upTests */ = {
			isa = PBXNativeTarget;
			buildConfigurationList = A8D113E2181EBE31001385FE /* Build configuration list for PBXNativeTarget "upTests" */;
			buildPhases = (
				A8D113CA181EBE31001385FE /* Sources */,
				A8D113CB181EBE31001385FE /* Frameworks */,
				A8D113CC181EBE31001385FE /* Resources */,
			);
			buildRules = (
			);
			dependencies = (
				A8D113D4181EBE31001385FE /* PBXTargetDependency */,
			);
			name = upTests;
			productName = upTests;
			productReference = A8D113CE181EBE31001385FE /* upTests.xctest */;
			productType = "com.apple.product-type.bundle.unit-test";
		};
/* End PBXNativeTarget section */

/* Begin PBXProject section */
		A8D113A2181EBE31001385FE /* Project object */ = {
			isa = PBXProject;
			attributes = {
				CLASSPREFIX = UP;
				LastUpgradeCheck = 0500;
				ORGANIZATIONNAME = me.v2up;
				TargetAttributes = {
					A8D113A9181EBE31001385FE = {
						DevelopmentTeam = D2NUVPE727;
					};
					A8D113CD181EBE31001385FE = {
						TestTargetID = A8D113A9181EBE31001385FE;
					};
				};
			};
			buildConfigurationList = A8D113A5181EBE31001385FE /* Build configuration list for PBXProject "up" */;
			compatibilityVersion = "Xcode 3.2";
			developmentRegion = English;
			hasScannedForEncodings = 0;
			knownRegions = (
				en,
				Base,
				"zh-Hans",
			);
			mainGroup = A8D113A1181EBE31001385FE;
			productRefGroup = A8D113AB181EBE31001385FE /* Products */;
			projectDirPath = "";
			projectRoot = "";
			targets = (
				A8D113A9181EBE31001385FE /* up */,
				A8D113CD181EBE31001385FE /* upTests */,
			);
		};
/* End PBXProject section */

/* Begin PBXResourcesBuildPhase section */
		A8D113A8181EBE31001385FE /* Resources */ = {
			isa = PBXResourcesBuildPhase;
			buildActionMask = 2147483647;
			files = (
				A8D113C9181EBE31001385FE /* Images.xcassets in Resources */,
				A868318F18281BE0005D4375 /* Localizable.strings in Resources */,
				A8D113B8181EBE31001385FE /* InfoPlist.strings in Resources */,
			);
			runOnlyForDeploymentPostprocessing = 0;
		};
		A8D113CC181EBE31001385FE /* Resources */ = {
			isa = PBXResourcesBuildPhase;
			buildActionMask = 2147483647;
			files = (
				A8D113DA181EBE31001385FE /* InfoPlist.strings in Resources */,
			);
			runOnlyForDeploymentPostprocessing = 0;
		};
/* End PBXResourcesBuildPhase section */

/* Begin PBXSourcesBuildPhase section */
		A8D113A6181EBE31001385FE /* Sources */ = {
			isa = PBXSourcesBuildPhase;
			buildActionMask = 2147483647;
			files = (
				A8D7020F182512460065C8BF /* AFHTTPRequestOperation.m in Sources */,
				A8D701FA1824CFC40065C8BF /* UPAppDelegate.m in Sources */,
				A868319718281CE2005D4375 /* UPCommonInitMethod.m in Sources */,
				A8D701F91824CFBB0065C8BF /* main.m in Sources */,
				A8906E291821954000F0D3B8 /* UPSearchResultManager.m in Sources */,
				A83C9BF3182C0F4500D8F644 /* UPSecondPageLoginOrEnrollViewController.m in Sources */,
				A880B43F182BE6520055B6DC /* UPLoginOrEnrollViewControllerBase.m in Sources */,
				A83C9BF0182C0B0600D8F644 /* UPFirstPageLoginOrEnrollViewController.m in Sources */,
				A8D70217182512460065C8BF /* AFURLSessionManager.m in Sources */,
				A8D70211182512460065C8BF /* AFHTTPSessionManager.m in Sources */,
				A8906E2A1821954000F0D3B8 /* UPSearchBar.m in Sources */,
				A880B442182BF11A0055B6DC /* UPCommonHelper.m in Sources */,
				A8D70212182512460065C8BF /* AFNetworkReachabilityManager.m in Sources */,
				A8906E2B1821954000F0D3B8 /* FMDatabase.m in Sources */,
				A8D70216182512460065C8BF /* AFURLResponseSerialization.m in Sources */,
				A880B43C182BD3850055B6DC /* UPTextField.m in Sources */,
				A8D70215182512460065C8BF /* AFURLRequestSerialization.m in Sources */,
				A86831A71828AD5E005D4375 /* UPMoreSearchViewController.m in Sources */,
				A8D70214182512460065C8BF /* AFURLConnectionOperation.m in Sources */,
				A8D70210182512460065C8BF /* AFHTTPRequestOperationManager.m in Sources */,
				A8906E2C1821954000F0D3B8 /* FMDatabase+InMemoryOnDiskIO.m in Sources */,
				A8906E2D1821954000F0D3B8 /* FMDatabaseAdditions.m in Sources */,
				A868319E1828A334005D4375 /* UPSearchViewController.m in Sources */,
				A86831A41828ABFC005D4375 /* UPIndexScrollViewController.m in Sources */,
				A8D70213182512460065C8BF /* AFSecurityPolicy.m in Sources */,
				A8906E2E1821954000F0D3B8 /* FMDatabasePool.m in Sources */,
				A8659847182D42CF0099C965 /* UPOptionalUsernameViewController.m in Sources */,
				A8906E2F1821954000F0D3B8 /* FMDatabaseQueue.m in Sources */,
				A8906E311821954000F0D3B8 /* FMResultSet.m in Sources */,
			);
			runOnlyForDeploymentPostprocessing = 0;
		};
		A8D113CA181EBE31001385FE /* Sources */ = {
			isa = PBXSourcesBuildPhase;
			buildActionMask = 2147483647;
			files = (
				A8D113DC181EBE31001385FE /* upTests.m in Sources */,
			);
			runOnlyForDeploymentPostprocessing = 0;
		};
/* End PBXSourcesBuildPhase section */

/* Begin PBXTargetDependency section */
		A8D113D4181EBE31001385FE /* PBXTargetDependency */ = {
			isa = PBXTargetDependency;
			target = A8D113A9181EBE31001385FE /* up */;
			targetProxy = A8D113D3181EBE31001385FE /* PBXContainerItemProxy */;
		};
/* End PBXTargetDependency section */

/* Begin PBXVariantGroup section */
		A868319118281BE0005D4375 /* Localizable.strings */ = {
			isa = PBXVariantGroup;
			children = (
				A868319018281BE0005D4375 /* en */,
				A868319218281C3F005D4375 /* zh-Hans */,
			);
			name = Localizable.strings;
			sourceTree = "<group>";
		};
		A8D113B6181EBE31001385FE /* InfoPlist.strings */ = {
			isa = PBXVariantGroup;
			children = (
				A8D113B7181EBE31001385FE /* en */,
				A868319318281C3F005D4375 /* zh-Hans */,
			);
			name = InfoPlist.strings;
			sourceTree = "<group>";
		};
		A8D113D8181EBE31001385FE /* InfoPlist.strings */ = {
			isa = PBXVariantGroup;
			children = (
				A8D113D9181EBE31001385FE /* en */,
				A868319418281C3F005D4375 /* zh-Hans */,
			);
			name = InfoPlist.strings;
			sourceTree = "<group>";
		};
/* End PBXVariantGroup section */

/* Begin XCBuildConfiguration section */
		A8D113DD181EBE31001385FE /* Debug */ = {
			isa = XCBuildConfiguration;
			buildSettings = {
				ALWAYS_SEARCH_USER_PATHS = NO;
				ARCHS = "$(ARCHS_STANDARD_INCLUDING_64_BIT)";
				CLANG_CXX_LANGUAGE_STANDARD = "gnu++0x";
				CLANG_CXX_LIBRARY = "libc++";
				CLANG_ENABLE_MODULES = YES;
				CLANG_ENABLE_OBJC_ARC = YES;
				CLANG_WARN_BOOL_CONVERSION = YES;
				CLANG_WARN_CONSTANT_CONVERSION = YES;
				CLANG_WARN_DIRECT_OBJC_ISA_USAGE = YES_ERROR;
				CLANG_WARN_EMPTY_BODY = YES;
				CLANG_WARN_ENUM_CONVERSION = YES;
				CLANG_WARN_INT_CONVERSION = YES;
				CLANG_WARN_OBJC_ROOT_CLASS = YES_ERROR;
				CLANG_WARN__DUPLICATE_METHOD_MATCH = YES;
				"CODE_SIGN_IDENTITY[sdk=iphoneos*]" = "iPhone Developer";
				COPY_PHASE_STRIP = NO;
				GCC_C_LANGUAGE_STANDARD = gnu99;
				GCC_DYNAMIC_NO_PIC = NO;
				GCC_OPTIMIZATION_LEVEL = 0;
				GCC_PREPROCESSOR_DEFINITIONS = (
					"DEBUG=1",
					"$(inherited)",
				);
				GCC_SYMBOLS_PRIVATE_EXTERN = NO;
				GCC_WARN_64_TO_32_BIT_CONVERSION = YES;
				GCC_WARN_ABOUT_RETURN_TYPE = YES_ERROR;
				GCC_WARN_UNDECLARED_SELECTOR = YES;
				GCC_WARN_UNINITIALIZED_AUTOS = YES;
				GCC_WARN_UNUSED_FUNCTION = YES;
				GCC_WARN_UNUSED_VARIABLE = YES;
				IPHONEOS_DEPLOYMENT_TARGET = 7.0;
				ONLY_ACTIVE_ARCH = YES;
				SDKROOT = iphoneos;
				TARGETED_DEVICE_FAMILY = "1,2";
			};
			name = Debug;
		};
		A8D113DE181EBE31001385FE /* Release */ = {
			isa = XCBuildConfiguration;
			buildSettings = {
				ALWAYS_SEARCH_USER_PATHS = NO;
				ARCHS = "$(ARCHS_STANDARD_INCLUDING_64_BIT)";
				CLANG_CXX_LANGUAGE_STANDARD = "gnu++0x";
				CLANG_CXX_LIBRARY = "libc++";
				CLANG_ENABLE_MODULES = YES;
				CLANG_ENABLE_OBJC_ARC = YES;
				CLANG_WARN_BOOL_CONVERSION = YES;
				CLANG_WARN_CONSTANT_CONVERSION = YES;
				CLANG_WARN_DIRECT_OBJC_ISA_USAGE = YES_ERROR;
				CLANG_WARN_EMPTY_BODY = YES;
				CLANG_WARN_ENUM_CONVERSION = YES;
				CLANG_WARN_INT_CONVERSION = YES;
				CLANG_WARN_OBJC_ROOT_CLASS = YES_ERROR;
				CLANG_WARN__DUPLICATE_METHOD_MATCH = YES;
				"CODE_SIGN_IDENTITY[sdk=iphoneos*]" = "iPhone Developer";
				COPY_PHASE_STRIP = YES;
				ENABLE_NS_ASSERTIONS = NO;
				GCC_C_LANGUAGE_STANDARD = gnu99;
				GCC_WARN_64_TO_32_BIT_CONVERSION = YES;
				GCC_WARN_ABOUT_RETURN_TYPE = YES_ERROR;
				GCC_WARN_UNDECLARED_SELECTOR = YES;
				GCC_WARN_UNINITIALIZED_AUTOS = YES;
				GCC_WARN_UNUSED_FUNCTION = YES;
				GCC_WARN_UNUSED_VARIABLE = YES;
				IPHONEOS_DEPLOYMENT_TARGET = 7.0;
				SDKROOT = iphoneos;
				TARGETED_DEVICE_FAMILY = "1,2";
				VALIDATE_PRODUCT = YES;
			};
			name = Release;
		};
		A8D113E0181EBE31001385FE /* Debug */ = {
			isa = XCBuildConfiguration;
			buildSettings = {
				ASSETCATALOG_COMPILER_APPICON_NAME = AppIcon;
				ASSETCATALOG_COMPILER_LAUNCHIMAGE_NAME = LaunchImage;
				CLANG_ENABLE_OBJC_ARC = NO;
				CODE_SIGN_IDENTITY = "iPhone Developer";
				"CODE_SIGN_IDENTITY[sdk=iphoneos*]" = "iPhone Developer";
				GCC_INCREASE_PRECOMPILED_HEADER_SHARING = YES;
				GCC_PRECOMPILE_PREFIX_HEADER = YES;
				GCC_PREFIX_HEADER = "up/up-Prefix.pch";
				INFOPLIST_FILE = "up/up-Info.plist";
				IPHONEOS_DEPLOYMENT_TARGET = 6.0;
				OTHER_LDFLAGS = "";
				PRODUCT_NAME = "$(TARGET_NAME)";
				PROVISIONING_PROFILE = "";
				TARGETED_DEVICE_FAMILY = 1;
				WRAPPER_EXTENSION = app;
			};
			name = Debug;
		};
		A8D113E1181EBE31001385FE /* Release */ = {
			isa = XCBuildConfiguration;
			buildSettings = {
				ASSETCATALOG_COMPILER_APPICON_NAME = AppIcon;
				ASSETCATALOG_COMPILER_LAUNCHIMAGE_NAME = LaunchImage;
				CLANG_ENABLE_OBJC_ARC = NO;
				CODE_SIGN_IDENTITY = "iPhone Developer";
				"CODE_SIGN_IDENTITY[sdk=iphoneos*]" = "iPhone Developer";
				GCC_INCREASE_PRECOMPILED_HEADER_SHARING = YES;
				GCC_PRECOMPILE_PREFIX_HEADER = YES;
				GCC_PREFIX_HEADER = "up/up-Prefix.pch";
				INFOPLIST_FILE = "up/up-Info.plist";
				IPHONEOS_DEPLOYMENT_TARGET = 6.0;
				OTHER_LDFLAGS = "";
				PRODUCT_NAME = "$(TARGET_NAME)";
				PROVISIONING_PROFILE = "";
				TARGETED_DEVICE_FAMILY = 1;
				WRAPPER_EXTENSION = app;
			};
			name = Release;
		};
		A8D113E3181EBE31001385FE /* Debug */ = {
			isa = XCBuildConfiguration;
			buildSettings = {
				ARCHS = "$(ARCHS_STANDARD_INCLUDING_64_BIT)";
				BUNDLE_LOADER = "$(BUILT_PRODUCTS_DIR)/up.app/up";
				FRAMEWORK_SEARCH_PATHS = (
					"$(SDKROOT)/Developer/Library/Frameworks",
					"$(inherited)",
					"$(DEVELOPER_FRAMEWORKS_DIR)",
				);
				GCC_PRECOMPILE_PREFIX_HEADER = YES;
				GCC_PREFIX_HEADER = "up/up-Prefix.pch";
				GCC_PREPROCESSOR_DEFINITIONS = (
					"DEBUG=1",
					"$(inherited)",
				);
				INFOPLIST_FILE = "upTests/upTests-Info.plist";
				PRODUCT_NAME = "$(TARGET_NAME)";
				TEST_HOST = "$(BUNDLE_LOADER)";
				WRAPPER_EXTENSION = xctest;
			};
			name = Debug;
		};
		A8D113E4181EBE31001385FE /* Release */ = {
			isa = XCBuildConfiguration;
			buildSettings = {
				ARCHS = "$(ARCHS_STANDARD_INCLUDING_64_BIT)";
				BUNDLE_LOADER = "$(BUILT_PRODUCTS_DIR)/up.app/up";
				FRAMEWORK_SEARCH_PATHS = (
					"$(SDKROOT)/Developer/Library/Frameworks",
					"$(inherited)",
					"$(DEVELOPER_FRAMEWORKS_DIR)",
				);
				GCC_PRECOMPILE_PREFIX_HEADER = YES;
				GCC_PREFIX_HEADER = "up/up-Prefix.pch";
				INFOPLIST_FILE = "upTests/upTests-Info.plist";
				PRODUCT_NAME = "$(TARGET_NAME)";
				TEST_HOST = "$(BUNDLE_LOADER)";
				WRAPPER_EXTENSION = xctest;
			};
			name = Release;
		};
/* End XCBuildConfiguration section */

/* Begin XCConfigurationList section */
		A8D113A5181EBE31001385FE /* Build configuration list for PBXProject "up" */ = {
			isa = XCConfigurationList;
			buildConfigurations = (
				A8D113DD181EBE31001385FE /* Debug */,
				A8D113DE181EBE31001385FE /* Release */,
			);
			defaultConfigurationIsVisible = 0;
			defaultConfigurationName = Release;
		};
		A8D113DF181EBE31001385FE /* Build configuration list for PBXNativeTarget "up" */ = {
			isa = XCConfigurationList;
			buildConfigurations = (
				A8D113E0181EBE31001385FE /* Debug */,
				A8D113E1181EBE31001385FE /* Release */,
			);
			defaultConfigurationIsVisible = 0;
			defaultConfigurationName = Release;
		};
		A8D113E2181EBE31001385FE /* Build configuration list for PBXNativeTarget "upTests" */ = {
			isa = XCConfigurationList;
			buildConfigurations = (
				A8D113E3181EBE31001385FE /* Debug */,
				A8D113E4181EBE31001385FE /* Release */,
			);
			defaultConfigurationIsVisible = 0;
			defaultConfigurationName = Release;
		};
/* End XCConfigurationList section */
	};
	rootObject = A8D113A2181EBE31001385FE /* Project object */;
}
